// !$*UTF8*$!
{
	archiveVersion = 1;
	classes = {
	};
	objectVersion = 46;
	objects = {

/* Begin PBXBuildFile section */
		5650EB6A56C57E4CA43BFF02 /* Pods_FilterSearchUITests.framework in Frameworks */ = {isa = PBXBuildFile; fileRef = 4CD1D76364DD668030ED6FE2 /* Pods_FilterSearchUITests.framework */; };
		636CE5831F28305400688DD1 /* AppDelegate.swift in Sources */ = {isa = PBXBuildFile; fileRef = 636CE5821F28305400688DD1 /* AppDelegate.swift */; };
		636CE5851F28305400688DD1 /* ViewController.swift in Sources */ = {isa = PBXBuildFile; fileRef = 636CE5841F28305400688DD1 /* ViewController.swift */; };
		636CE5881F28305400688DD1 /* Main.storyboard in Resources */ = {isa = PBXBuildFile; fileRef = 636CE5861F28305400688DD1 /* Main.storyboard */; };
		636CE58A1F28305400688DD1 /* Assets.xcassets in Resources */ = {isa = PBXBuildFile; fileRef = 636CE5891F28305400688DD1 /* Assets.xcassets */; };
		636CE58D1F28305400688DD1 /* LaunchScreen.storyboard in Resources */ = {isa = PBXBuildFile; fileRef = 636CE58B1F28305400688DD1 /* LaunchScreen.storyboard */; };
		636CE5981F28305500688DD1 /* FilterSearchTests.swift in Sources */ = {isa = PBXBuildFile; fileRef = 636CE5971F28305500688DD1 /* FilterSearchTests.swift */; };
		636CE5A31F28305500688DD1 /* FilterSearchUITests.swift in Sources */ = {isa = PBXBuildFile; fileRef = 636CE5A21F28305500688DD1 /* FilterSearchUITests.swift */; };
		636CE5B31F2830C700688DD1 /* image2.jpeg in Resources */ = {isa = PBXBuildFile; fileRef = 636CE5B11F2830C700688DD1 /* image2.jpeg */; };
		636CE5B41F2830C700688DD1 /* image3.jpeg in Resources */ = {isa = PBXBuildFile; fileRef = 636CE5B21F2830C700688DD1 /* image3.jpeg */; };
		636CE5C21F28316D00688DD1 /* CategoryCell.swift in Sources */ = {isa = PBXBuildFile; fileRef = 636CE5BE1F28316D00688DD1 /* CategoryCell.swift */; };
		636CE5C31F28316D00688DD1 /* CategoryCell.xib in Resources */ = {isa = PBXBuildFile; fileRef = 636CE5BF1F28316D00688DD1 /* CategoryCell.xib */; };
		636CE5C41F28316D00688DD1 /* FilterCell.swift in Sources */ = {isa = PBXBuildFile; fileRef = 636CE5C01F28316D00688DD1 /* FilterCell.swift */; };
		636CE5C51F28316D00688DD1 /* FilterCell.xib in Resources */ = {isa = PBXBuildFile; fileRef = 636CE5C11F28316D00688DD1 /* FilterCell.xib */; };
		636CE5C81F28317800688DD1 /* UICollectionViewFlowLayout+.swift in Sources */ = {isa = PBXBuildFile; fileRef = 636CE5C61F28317800688DD1 /* UICollectionViewFlowLayout+.swift */; };
		636CE5C91F28317800688DD1 /* UIImage+.swift in Sources */ = {isa = PBXBuildFile; fileRef = 636CE5C71F28317800688DD1 /* UIImage+.swift */; };
		636CE5CB1F28317F00688DD1 /* FilterHelper.swift in Sources */ = {isa = PBXBuildFile; fileRef = 636CE5CA1F28317F00688DD1 /* FilterHelper.swift */; };
		636CE5CE1F2831A100688DD1 /* FilterItem.swift in Sources */ = {isa = PBXBuildFile; fileRef = 636CE5CD1F2831A100688DD1 /* FilterItem.swift */; };
		636CE5D11F28607B00688DD1 /* FilterSearch.xcdatamodeld in Sources */ = {isa = PBXBuildFile; fileRef = 636CE5CF1F28607B00688DD1 /* FilterSearch.xcdatamodeld */; };
		636CE5D31F2860B900688DD1 /* CoreDataHelper.swift in Sources */ = {isa = PBXBuildFile; fileRef = 636CE5D21F2860B900688DD1 /* CoreDataHelper.swift */; };
		636CE5D51F2860D200688DD1 /* FilterDataHelper.swift in Sources */ = {isa = PBXBuildFile; fileRef = 636CE5D41F2860D200688DD1 /* FilterDataHelper.swift */; };
		636CE5D71F2866EA00688DD1 /* image1.jpeg in Resources */ = {isa = PBXBuildFile; fileRef = 636CE5D61F2866EA00688DD1 /* image1.jpeg */; };
		E041EA5B5C1D0056E1706B03 /* Pods_FilterSearchTests.framework in Frameworks */ = {isa = PBXBuildFile; fileRef = F8893F305CD108140F961833 /* Pods_FilterSearchTests.framework */; };
		F18A75728DB6F9ACFEF17012 /* Pods_FilterSearch.framework in Frameworks */ = {isa = PBXBuildFile; fileRef = 4F378D4CB2D977F3B370C91F /* Pods_FilterSearch.framework */; };
/* End PBXBuildFile section */

/* Begin PBXContainerItemProxy section */
		636CE5941F28305500688DD1 /* PBXContainerItemProxy */ = {
			isa = PBXContainerItemProxy;
			containerPortal = 636CE5771F28305400688DD1 /* Project object */;
			proxyType = 1;
			remoteGlobalIDString = 636CE57E1F28305400688DD1;
			remoteInfo = FilterSearch;
		};
		636CE59F1F28305500688DD1 /* PBXContainerItemProxy */ = {
			isa = PBXContainerItemProxy;
			containerPortal = 636CE5771F28305400688DD1 /* Project object */;
			proxyType = 1;
			remoteGlobalIDString = 636CE57E1F28305400688DD1;
			remoteInfo = FilterSearch;
		};
/* End PBXContainerItemProxy section */

/* Begin PBXFileReference section */
		1AF37C475579A9154595D64C /* Pods-FilterSearchUITests.release.xcconfig */ = {isa = PBXFileReference; includeInIndex = 1; lastKnownFileType = text.xcconfig; name = "Pods-FilterSearchUITests.release.xcconfig"; path = "Pods/Target Support Files/Pods-FilterSearchUITests/Pods-FilterSearchUITests.release.xcconfig"; sourceTree = "<group>"; };
		421C75FEB0EE9512322C671B /* Pods-FilterSearchUITests.debug.xcconfig */ = {isa = PBXFileReference; includeInIndex = 1; lastKnownFileType = text.xcconfig; name = "Pods-FilterSearchUITests.debug.xcconfig"; path = "Pods/Target Support Files/Pods-FilterSearchUITests/Pods-FilterSearchUITests.debug.xcconfig"; sourceTree = "<group>"; };
		4CD1D76364DD668030ED6FE2 /* Pods_FilterSearchUITests.framework */ = {isa = PBXFileReference; explicitFileType = wrapper.framework; includeInIndex = 0; path = Pods_FilterSearchUITests.framework; sourceTree = BUILT_PRODUCTS_DIR; };
		4F378D4CB2D977F3B370C91F /* Pods_FilterSearch.framework */ = {isa = PBXFileReference; explicitFileType = wrapper.framework; includeInIndex = 0; path = Pods_FilterSearch.framework; sourceTree = BUILT_PRODUCTS_DIR; };
		60B460BB126C330F0C407F80 /* Pods-FilterSearch.debug.xcconfig */ = {isa = PBXFileReference; includeInIndex = 1; lastKnownFileType = text.xcconfig; name = "Pods-FilterSearch.debug.xcconfig"; path = "Pods/Target Support Files/Pods-FilterSearch/Pods-FilterSearch.debug.xcconfig"; sourceTree = "<group>"; };
		636CE57F1F28305400688DD1 /* FilterSearch.app */ = {isa = PBXFileReference; explicitFileType = wrapper.application; includeInIndex = 0; path = FilterSearch.app; sourceTree = BUILT_PRODUCTS_DIR; };
		636CE5821F28305400688DD1 /* AppDelegate.swift */ = {isa = PBXFileReference; lastKnownFileType = sourcecode.swift; path = AppDelegate.swift; sourceTree = "<group>"; };
		636CE5841F28305400688DD1 /* ViewController.swift */ = {isa = PBXFileReference; lastKnownFileType = sourcecode.swift; path = ViewController.swift; sourceTree = "<group>"; };
		636CE5871F28305400688DD1 /* Base */ = {isa = PBXFileReference; lastKnownFileType = file.storyboard; name = Base; path = Base.lproj/Main.storyboard; sourceTree = "<group>"; };
		636CE5891F28305400688DD1 /* Assets.xcassets */ = {isa = PBXFileReference; lastKnownFileType = folder.assetcatalog; path = Assets.xcassets; sourceTree = "<group>"; };
		636CE58C1F28305400688DD1 /* Base */ = {isa = PBXFileReference; lastKnownFileType = file.storyboard; name = Base; path = Base.lproj/LaunchScreen.storyboard; sourceTree = "<group>"; };
		636CE58E1F28305400688DD1 /* Info.plist */ = {isa = PBXFileReference; lastKnownFileType = text.plist.xml; path = Info.plist; sourceTree = "<group>"; };
		636CE5931F28305500688DD1 /* FilterSearchTests.xctest */ = {isa = PBXFileReference; explicitFileType = wrapper.cfbundle; includeInIndex = 0; path = FilterSearchTests.xctest; sourceTree = BUILT_PRODUCTS_DIR; };
		636CE5971F28305500688DD1 /* FilterSearchTests.swift */ = {isa = PBXFileReference; lastKnownFileType = sourcecode.swift; path = FilterSearchTests.swift; sourceTree = "<group>"; };
		636CE5991F28305500688DD1 /* Info.plist */ = {isa = PBXFileReference; lastKnownFileType = text.plist.xml; path = Info.plist; sourceTree = "<group>"; };
		636CE59E1F28305500688DD1 /* FilterSearchUITests.xctest */ = {isa = PBXFileReference; explicitFileType = wrapper.cfbundle; includeInIndex = 0; path = FilterSearchUITests.xctest; sourceTree = BUILT_PRODUCTS_DIR; };
		636CE5A21F28305500688DD1 /* FilterSearchUITests.swift */ = {isa = PBXFileReference; lastKnownFileType = sourcecode.swift; path = FilterSearchUITests.swift; sourceTree = "<group>"; };
		636CE5A41F28305500688DD1 /* Info.plist */ = {isa = PBXFileReference; lastKnownFileType = text.plist.xml; path = Info.plist; sourceTree = "<group>"; };
		636CE5B11F2830C700688DD1 /* image2.jpeg */ = {isa = PBXFileReference; lastKnownFileType = image.jpeg; path = image2.jpeg; sourceTree = "<group>"; };
		636CE5B21F2830C700688DD1 /* image3.jpeg */ = {isa = PBXFileReference; lastKnownFileType = image.jpeg; path = image3.jpeg; sourceTree = "<group>"; };
		636CE5BE1F28316D00688DD1 /* CategoryCell.swift */ = {isa = PBXFileReference; fileEncoding = 4; lastKnownFileType = sourcecode.swift; path = CategoryCell.swift; sourceTree = "<group>"; };
		636CE5BF1F28316D00688DD1 /* CategoryCell.xib */ = {isa = PBXFileReference; fileEncoding = 4; lastKnownFileType = file.xib; path = CategoryCell.xib; sourceTree = "<group>"; };
		636CE5C01F28316D00688DD1 /* FilterCell.swift */ = {isa = PBXFileReference; fileEncoding = 4; lastKnownFileType = sourcecode.swift; path = FilterCell.swift; sourceTree = "<group>"; };
		636CE5C11F28316D00688DD1 /* FilterCell.xib */ = {isa = PBXFileReference; fileEncoding = 4; lastKnownFileType = file.xib; path = FilterCell.xib; sourceTree = "<group>"; };
		636CE5C61F28317800688DD1 /* UICollectionViewFlowLayout+.swift */ = {isa = PBXFileReference; fileEncoding = 4; lastKnownFileType = sourcecode.swift; path = "UICollectionViewFlowLayout+.swift"; sourceTree = "<group>"; };
		636CE5C71F28317800688DD1 /* UIImage+.swift */ = {isa = PBXFileReference; fileEncoding = 4; lastKnownFileType = sourcecode.swift; path = "UIImage+.swift"; sourceTree = "<group>"; };
		636CE5CA1F28317F00688DD1 /* FilterHelper.swift */ = {isa = PBXFileReference; fileEncoding = 4; lastKnownFileType = sourcecode.swift; path = FilterHelper.swift; sourceTree = "<group>"; };
		636CE5CD1F2831A100688DD1 /* FilterItem.swift */ = {isa = PBXFileReference; fileEncoding = 4; lastKnownFileType = sourcecode.swift; path = FilterItem.swift; sourceTree = "<group>"; };
		636CE5D01F28607B00688DD1 /* FilterSearch.xcdatamodel */ = {isa = PBXFileReference; lastKnownFileType = wrapper.xcdatamodel; path = FilterSearch.xcdatamodel; sourceTree = "<group>"; };
		636CE5D21F2860B900688DD1 /* CoreDataHelper.swift */ = {isa = PBXFileReference; fileEncoding = 4; lastKnownFileType = sourcecode.swift; path = CoreDataHelper.swift; sourceTree = "<group>"; };
		636CE5D41F2860D200688DD1 /* FilterDataHelper.swift */ = {isa = PBXFileReference; fileEncoding = 4; lastKnownFileType = sourcecode.swift; path = FilterDataHelper.swift; sourceTree = "<group>"; };
		636CE5D61F2866EA00688DD1 /* image1.jpeg */ = {isa = PBXFileReference; lastKnownFileType = image.jpeg; path = image1.jpeg; sourceTree = "<group>"; };
		64F45FF56DE9555AD83C2006 /* Pods-FilterSearch.release.xcconfig */ = {isa = PBXFileReference; includeInIndex = 1; lastKnownFileType = text.xcconfig; name = "Pods-FilterSearch.release.xcconfig"; path = "Pods/Target Support Files/Pods-FilterSearch/Pods-FilterSearch.release.xcconfig"; sourceTree = "<group>"; };
		8BDD26BEA5E55FB9A5F3C922 /* Pods-FilterSearchTests.release.xcconfig */ = {isa = PBXFileReference; includeInIndex = 1; lastKnownFileType = text.xcconfig; name = "Pods-FilterSearchTests.release.xcconfig"; path = "Pods/Target Support Files/Pods-FilterSearchTests/Pods-FilterSearchTests.release.xcconfig"; sourceTree = "<group>"; };
		B415712A47FCE215C6CC28FE /* Pods-FilterSearchTests.debug.xcconfig */ = {isa = PBXFileReference; includeInIndex = 1; lastKnownFileType = text.xcconfig; name = "Pods-FilterSearchTests.debug.xcconfig"; path = "Pods/Target Support Files/Pods-FilterSearchTests/Pods-FilterSearchTests.debug.xcconfig"; sourceTree = "<group>"; };
		F8893F305CD108140F961833 /* Pods_FilterSearchTests.framework */ = {isa = PBXFileReference; explicitFileType = wrapper.framework; includeInIndex = 0; path = Pods_FilterSearchTests.framework; sourceTree = BUILT_PRODUCTS_DIR; };
/* End PBXFileReference section */

/* Begin PBXFrameworksBuildPhase section */
		636CE57C1F28305400688DD1 /* Frameworks */ = {
			isa = PBXFrameworksBuildPhase;
			buildActionMask = 2147483647;
			files = (
				F18A75728DB6F9ACFEF17012 /* Pods_FilterSearch.framework in Frameworks */,
			);
			runOnlyForDeploymentPostprocessing = 0;
		};
		636CE5901F28305500688DD1 /* Frameworks */ = {
			isa = PBXFrameworksBuildPhase;
			buildActionMask = 2147483647;
			files = (
				E041EA5B5C1D0056E1706B03 /* Pods_FilterSearchTests.framework in Frameworks */,
			);
			runOnlyForDeploymentPostprocessing = 0;
		};
		636CE59B1F28305500688DD1 /* Frameworks */ = {
			isa = PBXFrameworksBuildPhase;
			buildActionMask = 2147483647;
			files = (
				5650EB6A56C57E4CA43BFF02 /* Pods_FilterSearchUITests.framework in Frameworks */,
			);
			runOnlyForDeploymentPostprocessing = 0;
		};
/* End PBXFrameworksBuildPhase section */

/* Begin PBXGroup section */
		3E79D97CE1CEAEB758688998 /* Pods */ = {
			isa = PBXGroup;
			children = (
				60B460BB126C330F0C407F80 /* Pods-FilterSearch.debug.xcconfig */,
				64F45FF56DE9555AD83C2006 /* Pods-FilterSearch.release.xcconfig */,
				B415712A47FCE215C6CC28FE /* Pods-FilterSearchTests.debug.xcconfig */,
				8BDD26BEA5E55FB9A5F3C922 /* Pods-FilterSearchTests.release.xcconfig */,
				421C75FEB0EE9512322C671B /* Pods-FilterSearchUITests.debug.xcconfig */,
				1AF37C475579A9154595D64C /* Pods-FilterSearchUITests.release.xcconfig */,
			);
			name = Pods;
			sourceTree = "<group>";
		};
		48D43BE15F95137F2B28ECDB /* Frameworks */ = {
			isa = PBXGroup;
			children = (
				4F378D4CB2D977F3B370C91F /* Pods_FilterSearch.framework */,
				F8893F305CD108140F961833 /* Pods_FilterSearchTests.framework */,
				4CD1D76364DD668030ED6FE2 /* Pods_FilterSearchUITests.framework */,
			);
			name = Frameworks;
			sourceTree = "<group>";
		};
		636CE5761F28305400688DD1 = {
			isa = PBXGroup;
			children = (
				636CE5811F28305400688DD1 /* FilterSearch */,
				636CE5961F28305500688DD1 /* FilterSearchTests */,
				636CE5A11F28305500688DD1 /* FilterSearchUITests */,
				636CE5801F28305400688DD1 /* Products */,
				3E79D97CE1CEAEB758688998 /* Pods */,
				48D43BE15F95137F2B28ECDB /* Frameworks */,
			);
			sourceTree = "<group>";
		};
		636CE5801F28305400688DD1 /* Products */ = {
			isa = PBXGroup;
			children = (
				636CE57F1F28305400688DD1 /* FilterSearch.app */,
				636CE5931F28305500688DD1 /* FilterSearchTests.xctest */,
				636CE59E1F28305500688DD1 /* FilterSearchUITests.xctest */,
			);
			name = Products;
			sourceTree = "<group>";
		};
		636CE5811F28305400688DD1 /* FilterSearch */ = {
			isa = PBXGroup;
			children = (
				636CE5821F28305400688DD1 /* AppDelegate.swift */,
				636CE5CC1F28319200688DD1 /* Model */,
				636CE5BA1F28314D00688DD1 /* Common */,
				636CE5B91F28311200688DD1 /* Controller */,
				636CE5B81F28310500688DD1 /* Storyboard */,
				636CE5B51F2830D300688DD1 /* Supporting Files */,
				636CE5B01F28309A00688DD1 /* Resources */,
			);
			path = FilterSearch;
			sourceTree = "<group>";
		};
		636CE5961F28305500688DD1 /* FilterSearchTests */ = {
			isa = PBXGroup;
			children = (
				636CE5971F28305500688DD1 /* FilterSearchTests.swift */,
				636CE5991F28305500688DD1 /* Info.plist */,
			);
			path = FilterSearchTests;
			sourceTree = "<group>";
		};
		636CE5A11F28305500688DD1 /* FilterSearchUITests */ = {
			isa = PBXGroup;
			children = (
				636CE5A21F28305500688DD1 /* FilterSearchUITests.swift */,
				636CE5A41F28305500688DD1 /* Info.plist */,
			);
			path = FilterSearchUITests;
			sourceTree = "<group>";
		};
		636CE5B01F28309A00688DD1 /* Resources */ = {
			isa = PBXGroup;
			children = (
				636CE5891F28305400688DD1 /* Assets.xcassets */,
				636CE5D61F2866EA00688DD1 /* image1.jpeg */,
				636CE5B11F2830C700688DD1 /* image2.jpeg */,
				636CE5B21F2830C700688DD1 /* image3.jpeg */,
			);
			name = Resources;
			sourceTree = "<group>";
		};
		636CE5B51F2830D300688DD1 /* Supporting Files */ = {
			isa = PBXGroup;
			children = (
				636CE58E1F28305400688DD1 /* Info.plist */,
				636CE5CF1F28607B00688DD1 /* FilterSearch.xcdatamodeld */,
			);
			name = "Supporting Files";
			sourceTree = "<group>";
		};
		636CE5B81F28310500688DD1 /* Storyboard */ = {
			isa = PBXGroup;
			children = (
				636CE58B1F28305400688DD1 /* LaunchScreen.storyboard */,
				636CE5861F28305400688DD1 /* Main.storyboard */,
			);
			name = Storyboard;
			sourceTree = "<group>";
		};
		636CE5B91F28311200688DD1 /* Controller */ = {
			isa = PBXGroup;
			children = (
				636CE5841F28305400688DD1 /* ViewController.swift */,
			);
			name = Controller;
			sourceTree = "<group>";
		};
		636CE5BA1F28314D00688DD1 /* Common */ = {
			isa = PBXGroup;
			children = (
				636CE5BD1F28315F00688DD1 /* Helper */,
				636CE5BC1F28315B00688DD1 /* Extension */,
				636CE5BB1F28315500688DD1 /* Cells */,
			);
			name = Common;
			sourceTree = "<group>";
		};
		636CE5BB1F28315500688DD1 /* Cells */ = {
			isa = PBXGroup;
			children = (
				636CE5BE1F28316D00688DD1 /* CategoryCell.swift */,
				636CE5BF1F28316D00688DD1 /* CategoryCell.xib */,
				636CE5C01F28316D00688DD1 /* FilterCell.swift */,
				636CE5C11F28316D00688DD1 /* FilterCell.xib */,
			);
			name = Cells;
			sourceTree = "<group>";
		};
		636CE5BC1F28315B00688DD1 /* Extension */ = {
			isa = PBXGroup;
			children = (
				636CE5C61F28317800688DD1 /* UICollectionViewFlowLayout+.swift */,
				636CE5C71F28317800688DD1 /* UIImage+.swift */,
			);
			name = Extension;
			sourceTree = "<group>";
		};
		636CE5BD1F28315F00688DD1 /* Helper */ = {
			isa = PBXGroup;
			children = (
				636CE5CA1F28317F00688DD1 /* FilterHelper.swift */,
				636CE5D21F2860B900688DD1 /* CoreDataHelper.swift */,
				636CE5D41F2860D200688DD1 /* FilterDataHelper.swift */,
			);
			name = Helper;
			sourceTree = "<group>";
		};
		636CE5CC1F28319200688DD1 /* Model */ = {
			isa = PBXGroup;
			children = (
				636CE5CD1F2831A100688DD1 /* FilterItem.swift */,
			);
			name = Model;
			sourceTree = "<group>";
		};
/* End PBXGroup section */

/* Begin PBXNativeTarget section */
		636CE57E1F28305400688DD1 /* FilterSearch */ = {
			isa = PBXNativeTarget;
			buildConfigurationList = 636CE5A71F28305500688DD1 /* Build configuration list for PBXNativeTarget "FilterSearch" */;
			buildPhases = (
				844A508E8301E5F77557D8AB /* [CP] Check Pods Manifest.lock */,
				636CE57B1F28305400688DD1 /* Sources */,
				636CE57C1F28305400688DD1 /* Frameworks */,
				636CE57D1F28305400688DD1 /* Resources */,
				6A880CDCB26AE7C90466D845 /* [CP] Embed Pods Frameworks */,
				DFDBE6162896E8FAB95C8A33 /* [CP] Copy Pods Resources */,
			);
			buildRules = (
			);
			dependencies = (
			);
			name = FilterSearch;
			productName = FilterSearch;
			productReference = 636CE57F1F28305400688DD1 /* FilterSearch.app */;
			productType = "com.apple.product-type.application";
		};
		636CE5921F28305500688DD1 /* FilterSearchTests */ = {
			isa = PBXNativeTarget;
			buildConfigurationList = 636CE5AA1F28305500688DD1 /* Build configuration list for PBXNativeTarget "FilterSearchTests" */;
			buildPhases = (
				B9FA1D2040A265D31B7A5FD8 /* [CP] Check Pods Manifest.lock */,
				636CE58F1F28305500688DD1 /* Sources */,
				636CE5901F28305500688DD1 /* Frameworks */,
				636CE5911F28305500688DD1 /* Resources */,
				1F2A0078B8BECA41EC58FBB2 /* [CP] Embed Pods Frameworks */,
				30D3C23BBFE09B7CD7ED676C /* [CP] Copy Pods Resources */,
			);
			buildRules = (
			);
			dependencies = (
				636CE5951F28305500688DD1 /* PBXTargetDependency */,
			);
			name = FilterSearchTests;
			productName = FilterSearchTests;
			productReference = 636CE5931F28305500688DD1 /* FilterSearchTests.xctest */;
			productType = "com.apple.product-type.bundle.unit-test";
		};
		636CE59D1F28305500688DD1 /* FilterSearchUITests */ = {
			isa = PBXNativeTarget;
			buildConfigurationList = 636CE5AD1F28305500688DD1 /* Build configuration list for PBXNativeTarget "FilterSearchUITests" */;
			buildPhases = (
				F76EB9F8F8C20E95340935F1 /* [CP] Check Pods Manifest.lock */,
				636CE59A1F28305500688DD1 /* Sources */,
				636CE59B1F28305500688DD1 /* Frameworks */,
				636CE59C1F28305500688DD1 /* Resources */,
				3CFBF60251BD93C8FE8D8436 /* [CP] Embed Pods Frameworks */,
				8C583B2FB81DAAF361CABC14 /* [CP] Copy Pods Resources */,
			);
			buildRules = (
			);
			dependencies = (
				636CE5A01F28305500688DD1 /* PBXTargetDependency */,
			);
			name = FilterSearchUITests;
			productName = FilterSearchUITests;
			productReference = 636CE59E1F28305500688DD1 /* FilterSearchUITests.xctest */;
			productType = "com.apple.product-type.bundle.ui-testing";
		};
/* End PBXNativeTarget section */

/* Begin PBXProject section */
		636CE5771F28305400688DD1 /* Project object */ = {
			isa = PBXProject;
			attributes = {
				LastSwiftUpdateCheck = 0830;
				LastUpgradeCheck = 0830;
				ORGANIZATIONNAME = pikachu987;
				TargetAttributes = {
					636CE57E1F28305400688DD1 = {
						CreatedOnToolsVersion = 8.3.2;
						DevelopmentTeam = 95YHHS8BGP;
						ProvisioningStyle = Automatic;
					};
					636CE5921F28305500688DD1 = {
						CreatedOnToolsVersion = 8.3.2;
						DevelopmentTeam = 95YHHS8BGP;
						ProvisioningStyle = Automatic;
						TestTargetID = 636CE57E1F28305400688DD1;
					};
					636CE59D1F28305500688DD1 = {
						CreatedOnToolsVersion = 8.3.2;
						DevelopmentTeam = 95YHHS8BGP;
						ProvisioningStyle = Automatic;
						TestTargetID = 636CE57E1F28305400688DD1;
					};
				};
			};
			buildConfigurationList = 636CE57A1F28305400688DD1 /* Build configuration list for PBXProject "FilterSearch" */;
			compatibilityVersion = "Xcode 3.2";
			developmentRegion = English;
			hasScannedForEncodings = 0;
			knownRegions = (
				en,
				Base,
			);
			mainGroup = 636CE5761F28305400688DD1;
			productRefGroup = 636CE5801F28305400688DD1 /* Products */;
			projectDirPath = "";
			projectRoot = "";
			targets = (
				636CE57E1F28305400688DD1 /* FilterSearch */,
				636CE5921F28305500688DD1 /* FilterSearchTests */,
				636CE59D1F28305500688DD1 /* FilterSearchUITests */,
			);
		};
/* End PBXProject section */

/* Begin PBXResourcesBuildPhase section */
		636CE57D1F28305400688DD1 /* Resources */ = {
			isa = PBXResourcesBuildPhase;
			buildActionMask = 2147483647;
			files = (
				636CE58D1F28305400688DD1 /* LaunchScreen.storyboard in Resources */,
				636CE5C31F28316D00688DD1 /* CategoryCell.xib in Resources */,
				636CE5B41F2830C700688DD1 /* image3.jpeg in Resources */,
				636CE5D71F2866EA00688DD1 /* image1.jpeg in Resources */,
				636CE58A1F28305400688DD1 /* Assets.xcassets in Resources */,
				636CE5881F28305400688DD1 /* Main.storyboard in Resources */,
				636CE5C51F28316D00688DD1 /* FilterCell.xib in Resources */,
				636CE5B31F2830C700688DD1 /* image2.jpeg in Resources */,
			);
			runOnlyForDeploymentPostprocessing = 0;
		};
		636CE5911F28305500688DD1 /* Resources */ = {
			isa = PBXResourcesBuildPhase;
			buildActionMask = 2147483647;
			files = (
			);
			runOnlyForDeploymentPostprocessing = 0;
		};
		636CE59C1F28305500688DD1 /* Resources */ = {
			isa = PBXResourcesBuildPhase;
			buildActionMask = 2147483647;
			files = (
			);
			runOnlyForDeploymentPostprocessing = 0;
		};
/* End PBXResourcesBuildPhase section */

/* Begin PBXShellScriptBuildPhase section */
		1F2A0078B8BECA41EC58FBB2 /* [CP] Embed Pods Frameworks */ = {
			isa = PBXShellScriptBuildPhase;
			buildActionMask = 2147483647;
			files = (
			);
			inputPaths = (
			);
			name = "[CP] Embed Pods Frameworks";
			outputPaths = (
			);
			runOnlyForDeploymentPostprocessing = 0;
			shellPath = /bin/sh;
			shellScript = "\"${SRCROOT}/Pods/Target Support Files/Pods-FilterSearchTests/Pods-FilterSearchTests-frameworks.sh\"\n";
			showEnvVarsInLog = 0;
		};
		30D3C23BBFE09B7CD7ED676C /* [CP] Copy Pods Resources */ = {
			isa = PBXShellScriptBuildPhase;
			buildActionMask = 2147483647;
			files = (
			);
			inputPaths = (
			);
			name = "[CP] Copy Pods Resources";
			outputPaths = (
			);
			runOnlyForDeploymentPostprocessing = 0;
			shellPath = /bin/sh;
			shellScript = "\"${SRCROOT}/Pods/Target Support Files/Pods-FilterSearchTests/Pods-FilterSearchTests-resources.sh\"\n";
			showEnvVarsInLog = 0;
		};
		3CFBF60251BD93C8FE8D8436 /* [CP] Embed Pods Frameworks */ = {
			isa = PBXShellScriptBuildPhase;
			buildActionMask = 2147483647;
			files = (
			);
			inputPaths = (
			);
			name = "[CP] Embed Pods Frameworks";
			outputPaths = (
			);
			runOnlyForDeploymentPostprocessing = 0;
			shellPath = /bin/sh;
			shellScript = "\"${SRCROOT}/Pods/Target Support Files/Pods-FilterSearchUITests/Pods-FilterSearchUITests-frameworks.sh\"\n";
			showEnvVarsInLog = 0;
		};
		6A880CDCB26AE7C90466D845 /* [CP] Embed Pods Frameworks */ = {
			isa = PBXShellScriptBuildPhase;
			buildActionMask = 2147483647;
			files = (
			);
			inputPaths = (
			);
			name = "[CP] Embed Pods Frameworks";
			outputPaths = (
			);
			runOnlyForDeploymentPostprocessing = 0;
			shellPath = /bin/sh;
			shellScript = "\"${SRCROOT}/Pods/Target Support Files/Pods-FilterSearch/Pods-FilterSearch-frameworks.sh\"\n";
			showEnvVarsInLog = 0;
		};
		844A508E8301E5F77557D8AB /* [CP] Check Pods Manifest.lock */ = {
			isa = PBXShellScriptBuildPhase;
			buildActionMask = 2147483647;
			files = (
			);
			inputPaths = (
			);
			name = "[CP] Check Pods Manifest.lock";
			outputPaths = (
			);
			runOnlyForDeploymentPostprocessing = 0;
			shellPath = /bin/sh;
			shellScript = "diff \"${PODS_PODFILE_DIR_PATH}/Podfile.lock\" \"${PODS_ROOT}/Manifest.lock\" > /dev/null\nif [ $? != 0 ] ; then\n    # print error to STDERR\n    echo \"error: The sandbox is not in sync with the Podfile.lock. Run 'pod install' or update your CocoaPods installation.\" >&2\n    exit 1\nfi\n";
			showEnvVarsInLog = 0;
		};
		8C583B2FB81DAAF361CABC14 /* [CP] Copy Pods Resources */ = {
			isa = PBXShellScriptBuildPhase;
			buildActionMask = 2147483647;
			files = (
			);
			inputPaths = (
			);
			name = "[CP] Copy Pods Resources";
			outputPaths = (
			);
			runOnlyForDeploymentPostprocessing = 0;
			shellPath = /bin/sh;
			shellScript = "\"${SRCROOT}/Pods/Target Support Files/Pods-FilterSearchUITests/Pods-FilterSearchUITests-resources.sh\"\n";
			showEnvVarsInLog = 0;
		};
		B9FA1D2040A265D31B7A5FD8 /* [CP] Check Pods Manifest.lock */ = {
			isa = PBXShellScriptBuildPhase;
			buildActionMask = 2147483647;
			files = (
			);
			inputPaths = (
			);
			name = "[CP] Check Pods Manifest.lock";
			outputPaths = (
			);
			runOnlyForDeploymentPostprocessing = 0;
			shellPath = /bin/sh;
			shellScript = "diff \"${PODS_PODFILE_DIR_PATH}/Podfile.lock\" \"${PODS_ROOT}/Manifest.lock\" > /dev/null\nif [ $? != 0 ] ; then\n    # print error to STDERR\n    echo \"error: The sandbox is not in sync with the Podfile.lock. Run 'pod install' or update your CocoaPods installation.\" >&2\n    exit 1\nfi\n";
			showEnvVarsInLog = 0;
		};
		DFDBE6162896E8FAB95C8A33 /* [CP] Copy Pods Resources */ = {
			isa = PBXShellScriptBuildPhase;
			buildActionMask = 2147483647;
			files = (
			);
			inputPaths = (
			);
			name = "[CP] Copy Pods Resources";
			outputPaths = (
			);
			runOnlyForDeploymentPostprocessing = 0;
			shellPath = /bin/sh;
			shellScript = "\"${SRCROOT}/Pods/Target Support Files/Pods-FilterSearch/Pods-FilterSearch-resources.sh\"\n";
			showEnvVarsInLog = 0;
		};
		F76EB9F8F8C20E95340935F1 /* [CP] Check Pods Manifest.lock */ = {
			isa = PBXShellScriptBuildPhase;
			buildActionMask = 2147483647;
			files = (
			);
			inputPaths = (
			);
			name = "[CP] Check Pods Manifest.lock";
			outputPaths = (
			);
			runOnlyForDeploymentPostprocessing = 0;
			shellPath = /bin/sh;
			shellScript = "diff \"${PODS_PODFILE_DIR_PATH}/Podfile.lock\" \"${PODS_ROOT}/Manifest.lock\" > /dev/null\nif [ $? != 0 ] ; then\n    # print error to STDERR\n    echo \"error: The sandbox is not in sync with the Podfile.lock. Run 'pod install' or update your CocoaPods installation.\" >&2\n    exit 1\nfi\n";
			showEnvVarsInLog = 0;
		};
/* End PBXShellScriptBuildPhase section */

/* Begin PBXSourcesBuildPhase section */
		636CE57B1F28305400688DD1 /* Sources */ = {
			isa = PBXSourcesBuildPhase;
			buildActionMask = 2147483647;
			files = (
				636CE5D31F2860B900688DD1 /* CoreDataHelper.swift in Sources */,
				636CE5CE1F2831A100688DD1 /* FilterItem.swift in Sources */,
				636CE5C81F28317800688DD1 /* UICollectionViewFlowLayout+.swift in Sources */,
				636CE5D51F2860D200688DD1 /* FilterDataHelper.swift in Sources */,
				636CE5851F28305400688DD1 /* ViewController.swift in Sources */,
				636CE5C41F28316D00688DD1 /* FilterCell.swift in Sources */,
				636CE5C91F28317800688DD1 /* UIImage+.swift in Sources */,
				636CE5D11F28607B00688DD1 /* FilterSearch.xcdatamodeld in Sources */,
				636CE5831F28305400688DD1 /* AppDelegate.swift in Sources */,
				636CE5CB1F28317F00688DD1 /* FilterHelper.swift in Sources */,
				636CE5C21F28316D00688DD1 /* CategoryCell.swift in Sources */,
			);
			runOnlyForDeploymentPostprocessing = 0;
		};
		636CE58F1F28305500688DD1 /* Sources */ = {
			isa = PBXSourcesBuildPhase;
			buildActionMask = 2147483647;
			files = (
				636CE5981F28305500688DD1 /* FilterSearchTests.swift in Sources */,
			);
			runOnlyForDeploymentPostprocessing = 0;
		};
		636CE59A1F28305500688DD1 /* Sources */ = {
			isa = PBXSourcesBuildPhase;
			buildActionMask = 2147483647;
			files = (
				636CE5A31F28305500688DD1 /* FilterSearchUITests.swift in Sources */,
			);
			runOnlyForDeploymentPostprocessing = 0;
		};
/* End PBXSourcesBuildPhase section */

/* Begin PBXTargetDependency section */
		636CE5951F28305500688DD1 /* PBXTargetDependency */ = {
			isa = PBXTargetDependency;
			target = 636CE57E1F28305400688DD1 /* FilterSearch */;
			targetProxy = 636CE5941F28305500688DD1 /* PBXContainerItemProxy */;
		};
		636CE5A01F28305500688DD1 /* PBXTargetDependency */ = {
			isa = PBXTargetDependency;
			target = 636CE57E1F28305400688DD1 /* FilterSearch */;
			targetProxy = 636CE59F1F28305500688DD1 /* PBXContainerItemProxy */;
		};
/* End PBXTargetDependency section */

/* Begin PBXVariantGroup section */
		636CE5861F28305400688DD1 /* Main.storyboard */ = {
			isa = PBXVariantGroup;
			children = (
				636CE5871F28305400688DD1 /* Base */,
			);
			name = Main.storyboard;
			sourceTree = "<group>";
		};
		636CE58B1F28305400688DD1 /* LaunchScreen.storyboard */ = {
			isa = PBXVariantGroup;
			children = (
				636CE58C1F28305400688DD1 /* Base */,
			);
			name = LaunchScreen.storyboard;
			sourceTree = "<group>";
		};
/* End PBXVariantGroup section */

/* Begin XCBuildConfiguration section */
		636CE5A51F28305500688DD1 /* Debug */ = {
			isa = XCBuildConfiguration;
			buildSettings = {
				ALWAYS_SEARCH_USER_PATHS = NO;
				CLANG_ANALYZER_NONNULL = YES;
				CLANG_ANALYZER_NUMBER_OBJECT_CONVERSION = YES_AGGRESSIVE;
				CLANG_CXX_LANGUAGE_STANDARD = "gnu++0x";
				CLANG_CXX_LIBRARY = "libc++";
				CLANG_ENABLE_MODULES = YES;
				CLANG_ENABLE_OBJC_ARC = YES;
				CLANG_WARN_BOOL_CONVERSION = YES;
				CLANG_WARN_CONSTANT_CONVERSION = YES;
				CLANG_WARN_DIRECT_OBJC_ISA_USAGE = YES_ERROR;
				CLANG_WARN_DOCUMENTATION_COMMENTS = YES;
				CLANG_WARN_EMPTY_BODY = YES;
				CLANG_WARN_ENUM_CONVERSION = YES;
				CLANG_WARN_INFINITE_RECURSION = YES;
				CLANG_WARN_INT_CONVERSION = YES;
				CLANG_WARN_OBJC_ROOT_CLASS = YES_ERROR;
				CLANG_WARN_SUSPICIOUS_MOVE = YES;
				CLANG_WARN_UNREACHABLE_CODE = YES;
				CLANG_WARN__DUPLICATE_METHOD_MATCH = YES;
				"CODE_SIGN_IDENTITY[sdk=iphoneos*]" = "iPhone Developer";
				COPY_PHASE_STRIP = NO;
				DEBUG_INFORMATION_FORMAT = dwarf;
				ENABLE_STRICT_OBJC_MSGSEND = YES;
				ENABLE_TESTABILITY = YES;
				GCC_C_LANGUAGE_STANDARD = gnu99;
				GCC_DYNAMIC_NO_PIC = NO;
				GCC_NO_COMMON_BLOCKS = YES;
				GCC_OPTIMIZATION_LEVEL = 0;
				GCC_PREPROCESSOR_DEFINITIONS = (
					"DEBUG=1",
					"$(inherited)",
				);
				GCC_WARN_64_TO_32_BIT_CONVERSION = YES;
				GCC_WARN_ABOUT_RETURN_TYPE = YES_ERROR;
				GCC_WARN_UNDECLARED_SELECTOR = YES;
				GCC_WARN_UNINITIALIZED_AUTOS = YES_AGGRESSIVE;
				GCC_WARN_UNUSED_FUNCTION = YES;
				GCC_WARN_UNUSED_VARIABLE = YES;
				IPHONEOS_DEPLOYMENT_TARGET = 10.3;
				MTL_ENABLE_DEBUG_INFO = YES;
				ONLY_ACTIVE_ARCH = YES;
				SDKROOT = iphoneos;
				SWIFT_ACTIVE_COMPILATION_CONDITIONS = DEBUG;
				SWIFT_OPTIMIZATION_LEVEL = "-Onone";
				TARGETED_DEVICE_FAMILY = "1,2";
			};
			name = Debug;
		};
		636CE5A61F28305500688DD1 /* Release */ = {
			isa = XCBuildConfiguration;
			buildSettings = {
				ALWAYS_SEARCH_USER_PATHS = NO;
				CLANG_ANALYZER_NONNULL = YES;
				CLANG_ANALYZER_NUMBER_OBJECT_CONVERSION = YES_AGGRESSIVE;
				CLANG_CXX_LANGUAGE_STANDARD = "gnu++0x";
				CLANG_CXX_LIBRARY = "libc++";
				CLANG_ENABLE_MODULES = YES;
				CLANG_ENABLE_OBJC_ARC = YES;
				CLANG_WARN_BOOL_CONVERSION = YES;
				CLANG_WARN_CONSTANT_CONVERSION = YES;
				CLANG_WARN_DIRECT_OBJC_ISA_USAGE = YES_ERROR;
				CLANG_WARN_DOCUMENTATION_COMMENTS = YES;
				CLANG_WARN_EMPTY_BODY = YES;
				CLANG_WARN_ENUM_CONVERSION = YES;
				CLANG_WARN_INFINITE_RECURSION = YES;
				CLANG_WARN_INT_CONVERSION = YES;
				CLANG_WARN_OBJC_ROOT_CLASS = YES_ERROR;
				CLANG_WARN_SUSPICIOUS_MOVE = YES;
				CLANG_WARN_UNREACHABLE_CODE = YES;
				CLANG_WARN__DUPLICATE_METHOD_MATCH = YES;
				"CODE_SIGN_IDENTITY[sdk=iphoneos*]" = "iPhone Developer";
				COPY_PHASE_STRIP = NO;
				DEBUG_INFORMATION_FORMAT = "dwarf-with-dsym";
				ENABLE_NS_ASSERTIONS = NO;
				ENABLE_STRICT_OBJC_MSGSEND = YES;
				GCC_C_LANGUAGE_STANDARD = gnu99;
				GCC_NO_COMMON_BLOCKS = YES;
				GCC_WARN_64_TO_32_BIT_CONVERSION = YES;
				GCC_WARN_ABOUT_RETURN_TYPE = YES_ERROR;
				GCC_WARN_UNDECLARED_SELECTOR = YES;
				GCC_WARN_UNINITIALIZED_AUTOS = YES_AGGRESSIVE;
				GCC_WARN_UNUSED_FUNCTION = YES;
				GCC_WARN_UNUSED_VARIABLE = YES;
				IPHONEOS_DEPLOYMENT_TARGET = 10.3;
				MTL_ENABLE_DEBUG_INFO = NO;
				SDKROOT = iphoneos;
				SWIFT_OPTIMIZATION_LEVEL = "-Owholemodule";
				TARGETED_DEVICE_FAMILY = "1,2";
				VALIDATE_PRODUCT = YES;
			};
			name = Release;
		};
		636CE5A81F28305500688DD1 /* Debug */ = {
			isa = XCBuildConfiguration;
			baseConfigurationReference = 60B460BB126C330F0C407F80 /* Pods-FilterSearch.debug.xcconfig */;
			buildSettings = {
				ASSETCATALOG_COMPILER_APPICON_NAME = AppIcon;
				DEVELOPMENT_TEAM = 95YHHS8BGP;
				INFOPLIST_FILE = FilterSearch/Info.plist;
				IPHONEOS_DEPLOYMENT_TARGET = 8.0;
				LD_RUNPATH_SEARCH_PATHS = "$(inherited) @executable_path/Frameworks";
				PRODUCT_BUNDLE_IDENTIFIER = com.pikachu987.FilterSearch;
				PRODUCT_NAME = "$(TARGET_NAME)";
				SWIFT_VERSION = 3.0;
			};
			name = Debug;
		};
		636CE5A91F28305500688DD1 /* Release */ = {
			isa = XCBuildConfiguration;
			baseConfigurationReference = 64F45FF56DE9555AD83C2006 /* Pods-FilterSearch.release.xcconfig */;
			buildSettings = {
				ASSETCATALOG_COMPILER_APPICON_NAME = AppIcon;
				DEVELOPMENT_TEAM = 95YHHS8BGP;
				INFOPLIST_FILE = FilterSearch/Info.plist;
				IPHONEOS_DEPLOYMENT_TARGET = 8.0;
				LD_RUNPATH_SEARCH_PATHS = "$(inherited) @executable_path/Frameworks";
				PRODUCT_BUNDLE_IDENTIFIER = com.pikachu987.FilterSearch;
				PRODUCT_NAME = "$(TARGET_NAME)";
				SWIFT_VERSION = 3.0;
			};
			name = Release;
		};
		636CE5AB1F28305500688DD1 /* Debug */ = {
			isa = XCBuildConfiguration;
			baseConfigurationReference = B415712A47FCE215C6CC28FE /* Pods-FilterSearchTests.debug.xcconfig */;
			buildSettings = {
				ALWAYS_EMBED_SWIFT_STANDARD_LIBRARIES = YES;
				BUNDLE_LOADER = "$(TEST_HOST)";
				DEVELOPMENT_TEAM = 95YHHS8BGP;
				INFOPLIST_FILE = FilterSearchTests/Info.plist;
				LD_RUNPATH_SEARCH_PATHS = "$(inherited) @executable_path/Frameworks @loader_path/Frameworks";
				PRODUCT_BUNDLE_IDENTIFIER = com.pikachu987.FilterSearchTests;
				PRODUCT_NAME = "$(TARGET_NAME)";
				SWIFT_VERSION = 3.0;
				TEST_HOST = "$(BUILT_PRODUCTS_DIR)/FilterSearch.app/FilterSearch";
			};
			name = Debug;
		};
		636CE5AC1F28305500688DD1 /* Release */ = {
			isa = XCBuildConfiguration;
			baseConfigurationReference = 8BDD26BEA5E55FB9A5F3C922 /* Pods-FilterSearchTests.release.xcconfig */;
			buildSettings = {
				ALWAYS_EMBED_SWIFT_STANDARD_LIBRARIES = YES;
				BUNDLE_LOADER = "$(TEST_HOST)";
				DEVELOPMENT_TEAM = 95YHHS8BGP;
				INFOPLIST_FILE = FilterSearchTests/Info.plist;
				LD_RUNPATH_SEARCH_PATHS = "$(inherited) @executable_path/Frameworks @loader_path/Frameworks";
				PRODUCT_BUNDLE_IDENTIFIER = com.pikachu987.FilterSearchTests;
				PRODUCT_NAME = "$(TARGET_NAME)";
				SWIFT_VERSION = 3.0;
				TEST_HOST = "$(BUILT_PRODUCTS_DIR)/FilterSearch.app/FilterSearch";
			};
			name = Release;
		};
		636CE5AE1F28305500688DD1 /* Debug */ = {
			isa = XCBuildConfiguration;
			baseConfigurationReference = 421C75FEB0EE9512322C671B /* Pods-FilterSearchUITests.debug.xcconfig */;
			buildSettings = {
				ALWAYS_EMBED_SWIFT_STANDARD_LIBRARIES = YES;
				DEVELOPMENT_TEAM = 95YHHS8BGP;
				INFOPLIST_FILE = FilterSearchUITests/Info.plist;
				LD_RUNPATH_SEARCH_PATHS = "$(inherited) @executable_path/Frameworks @loader_path/Frameworks";
				PRODUCT_BUNDLE_IDENTIFIER = com.pikachu987.FilterSearchUITests;
				PRODUCT_NAME = "$(TARGET_NAME)";
				SWIFT_VERSION = 3.0;
				TEST_TARGET_NAME = FilterSearch;
			};
			name = Debug;
		};
		636CE5AF1F28305500688DD1 /* Release */ = {
			isa = XCBuildConfiguration;
			baseConfigurationReference = 1AF37C475579A9154595D64C /* Pods-FilterSearchUITests.release.xcconfig */;
			buildSettings = {
				ALWAYS_EMBED_SWIFT_STANDARD_LIBRARIES = YES;
				DEVELOPMENT_TEAM = 95YHHS8BGP;
				INFOPLIST_FILE = FilterSearchUITests/Info.plist;
				LD_RUNPATH_SEARCH_PATHS = "$(inherited) @executable_path/Frameworks @loader_path/Frameworks";
				PRODUCT_BUNDLE_IDENTIFIER = com.pikachu987.FilterSearchUITests;
				PRODUCT_NAME = "$(TARGET_NAME)";
				SWIFT_VERSION = 3.0;
				TEST_TARGET_NAME = FilterSearch;
			};
			name = Release;
		};
/* End XCBuildConfiguration section */

/* Begin XCConfigurationList section */
		636CE57A1F28305400688DD1 /* Build configuration list for PBXProject "FilterSearch" */ = {
			isa = XCConfigurationList;
			buildConfigurations = (
				636CE5A51F28305500688DD1 /* Debug */,
				636CE5A61F28305500688DD1 /* Release */,
			);
			defaultConfigurationIsVisible = 0;
			defaultConfigurationName = Release;
		};
		636CE5A71F28305500688DD1 /* Build configuration list for PBXNativeTarget "FilterSearch" */ = {
			isa = XCConfigurationList;
			buildConfigurations = (
				636CE5A81F28305500688DD1 /* Debug */,
				636CE5A91F28305500688DD1 /* Release */,
			);
			defaultConfigurationIsVisible = 0;
			defaultConfigurationName = Release;
		};
		636CE5AA1F28305500688DD1 /* Build configuration list for PBXNativeTarget "FilterSearchTests" */ = {
			isa = XCConfigurationList;
			buildConfigurations = (
				636CE5AB1F28305500688DD1 /* Debug */,
				636CE5AC1F28305500688DD1 /* Release */,
			);
			defaultConfigurationIsVisible = 0;
			defaultConfigurationName = Release;
		};
		636CE5AD1F28305500688DD1 /* Build configuration list for PBXNativeTarget "FilterSearchUITests" */ = {
			isa = XCConfigurationList;
			buildConfigurations = (
				636CE5AE1F28305500688DD1 /* Debug */,
				636CE5AF1F28305500688DD1 /* Release */,
			);
			defaultConfigurationIsVisible = 0;
			defaultConfigurationName = Release;
		};
/* End XCConfigurationList section */

/* Begin XCVersionGroup section */
		636CE5CF1F28607B00688DD1 /* FilterSearch.xcdatamodeld */ = {
			isa = XCVersionGroup;
			children = (
				636CE5D01F28607B00688DD1 /* FilterSearch.xcdatamodel */,
			);
			currentVersion = 636CE5D01F28607B00688DD1 /* FilterSearch.xcdatamodel */;
			path = FilterSearch.xcdatamodeld;
			sourceTree = "<group>";
			versionGroupType = wrapper.xcdatamodel;
		};
/* End XCVersionGroup section */
	};
	rootObject = 636CE5771F28305400688DD1 /* Project object */;
}
