// !$*UTF8*$!
{
	archiveVersion = 1;
	classes = {
	};
	objectVersion = 46;
	objects = {

/* Begin PBXBuildFile section */
		0CFC973D1F278FE9000554AE /* AppDelegate.swift in Sources */ = {isa = PBXBuildFile; fileRef = 0CFC973C1F278FE9000554AE /* AppDelegate.swift */; };
		0CFC973F1F278FE9000554AE /* ViewController.swift in Sources */ = {isa = PBXBuildFile; fileRef = 0CFC973E1F278FE9000554AE /* ViewController.swift */; };
		0CFC97421F278FE9000554AE /* Main.storyboard in Resources */ = {isa = PBXBuildFile; fileRef = 0CFC97401F278FE9000554AE /* Main.storyboard */; };
		0CFC97441F278FE9000554AE /* Assets.xcassets in Resources */ = {isa = PBXBuildFile; fileRef = 0CFC97431F278FE9000554AE /* Assets.xcassets */; };
		0CFC97471F278FE9000554AE /* LaunchScreen.storyboard in Resources */ = {isa = PBXBuildFile; fileRef = 0CFC97451F278FE9000554AE /* LaunchScreen.storyboard */; };
		0CFC97521F278FE9000554AE /* FilterSearchTests.swift in Sources */ = {isa = PBXBuildFile; fileRef = 0CFC97511F278FE9000554AE /* FilterSearchTests.swift */; };
		0CFC975D1F278FE9000554AE /* FilterSearchUITests.swift in Sources */ = {isa = PBXBuildFile; fileRef = 0CFC975C1F278FE9000554AE /* FilterSearchUITests.swift */; };
		0CFC97751F27906B000554AE /* image2.jpeg in Resources */ = {isa = PBXBuildFile; fileRef = 0CFC97731F27906B000554AE /* image2.jpeg */; };
		0CFC97761F27906B000554AE /* image1.jpeg in Resources */ = {isa = PBXBuildFile; fileRef = 0CFC97741F27906B000554AE /* image1.jpeg */; };
		0CFC977B1F2790D1000554AE /* CategoryCell.swift in Sources */ = {isa = PBXBuildFile; fileRef = 0CFC97771F2790D1000554AE /* CategoryCell.swift */; };
		0CFC977C1F2790D1000554AE /* CategoryCell.xib in Resources */ = {isa = PBXBuildFile; fileRef = 0CFC97781F2790D1000554AE /* CategoryCell.xib */; };
		0CFC977D1F2790D1000554AE /* FilterCell.swift in Sources */ = {isa = PBXBuildFile; fileRef = 0CFC97791F2790D1000554AE /* FilterCell.swift */; };
		0CFC977E1F2790D1000554AE /* FilterCell.xib in Resources */ = {isa = PBXBuildFile; fileRef = 0CFC977A1F2790D1000554AE /* FilterCell.xib */; };
		0CFC97811F2790DA000554AE /* UICollectionViewFlowLayout+.swift in Sources */ = {isa = PBXBuildFile; fileRef = 0CFC977F1F2790DA000554AE /* UICollectionViewFlowLayout+.swift */; };
		0CFC97821F2790DA000554AE /* UIImage+.swift in Sources */ = {isa = PBXBuildFile; fileRef = 0CFC97801F2790DA000554AE /* UIImage+.swift */; };
		0CFC97851F2790E8000554AE /* FilterHelper.swift in Sources */ = {isa = PBXBuildFile; fileRef = 0CFC97831F2790E8000554AE /* FilterHelper.swift */; };
		0CFC97881F2790F0000554AE /* FilterItem.swift in Sources */ = {isa = PBXBuildFile; fileRef = 0CFC97871F2790F0000554AE /* FilterItem.swift */; };
		0CFC978A1F279403000554AE /* GoogleService-Info.plist in Resources */ = {isa = PBXBuildFile; fileRef = 0CFC97891F279403000554AE /* GoogleService-Info.plist */; };
		27A1909D5B039B2D8BC6CB0C /* Pods_FilterSearchTests.framework in Frameworks */ = {isa = PBXBuildFile; fileRef = 1B6745392E68D280F55390ED /* Pods_FilterSearchTests.framework */; };
		3FCACAC08A319D0E68B93DF0 /* Pods_FilterSearchUITests.framework in Frameworks */ = {isa = PBXBuildFile; fileRef = B6D181462DCA54CD85C30E0D /* Pods_FilterSearchUITests.framework */; };
		C44AF5728F7F67F040266CF6 /* Pods_FilterSearch.framework in Frameworks */ = {isa = PBXBuildFile; fileRef = AAC11181BFFC5ABDD901B43E /* Pods_FilterSearch.framework */; };
/* End PBXBuildFile section */

/* Begin PBXContainerItemProxy section */
		0CFC974E1F278FE9000554AE /* PBXContainerItemProxy */ = {
			isa = PBXContainerItemProxy;
			containerPortal = 0CFC97311F278FE9000554AE /* Project object */;
			proxyType = 1;
			remoteGlobalIDString = 0CFC97381F278FE9000554AE;
			remoteInfo = FilterSearch;
		};
		0CFC97591F278FE9000554AE /* PBXContainerItemProxy */ = {
			isa = PBXContainerItemProxy;
			containerPortal = 0CFC97311F278FE9000554AE /* Project object */;
			proxyType = 1;
			remoteGlobalIDString = 0CFC97381F278FE9000554AE;
			remoteInfo = FilterSearch;
		};
/* End PBXContainerItemProxy section */

/* Begin PBXFileReference section */
		02637670FAFD590972614826 /* Pods-FilterSearchTests.release.xcconfig */ = {isa = PBXFileReference; includeInIndex = 1; lastKnownFileType = text.xcconfig; name = "Pods-FilterSearchTests.release.xcconfig"; path = "Pods/Target Support Files/Pods-FilterSearchTests/Pods-FilterSearchTests.release.xcconfig"; sourceTree = "<group>"; };
		0CFC97391F278FE9000554AE /* FilterSearch.app */ = {isa = PBXFileReference; explicitFileType = wrapper.application; includeInIndex = 0; path = FilterSearch.app; sourceTree = BUILT_PRODUCTS_DIR; };
		0CFC973C1F278FE9000554AE /* AppDelegate.swift */ = {isa = PBXFileReference; lastKnownFileType = sourcecode.swift; path = AppDelegate.swift; sourceTree = "<group>"; };
		0CFC973E1F278FE9000554AE /* ViewController.swift */ = {isa = PBXFileReference; lastKnownFileType = sourcecode.swift; path = ViewController.swift; sourceTree = "<group>"; };
		0CFC97411F278FE9000554AE /* Base */ = {isa = PBXFileReference; lastKnownFileType = file.storyboard; name = Base; path = Base.lproj/Main.storyboard; sourceTree = "<group>"; };
		0CFC97431F278FE9000554AE /* Assets.xcassets */ = {isa = PBXFileReference; lastKnownFileType = folder.assetcatalog; path = Assets.xcassets; sourceTree = "<group>"; };
		0CFC97461F278FE9000554AE /* Base */ = {isa = PBXFileReference; lastKnownFileType = file.storyboard; name = Base; path = Base.lproj/LaunchScreen.storyboard; sourceTree = "<group>"; };
		0CFC97481F278FE9000554AE /* Info.plist */ = {isa = PBXFileReference; lastKnownFileType = text.plist.xml; path = Info.plist; sourceTree = "<group>"; };
		0CFC974D1F278FE9000554AE /* FilterSearchTests.xctest */ = {isa = PBXFileReference; explicitFileType = wrapper.cfbundle; includeInIndex = 0; path = FilterSearchTests.xctest; sourceTree = BUILT_PRODUCTS_DIR; };
		0CFC97511F278FE9000554AE /* FilterSearchTests.swift */ = {isa = PBXFileReference; lastKnownFileType = sourcecode.swift; path = FilterSearchTests.swift; sourceTree = "<group>"; };
		0CFC97531F278FE9000554AE /* Info.plist */ = {isa = PBXFileReference; lastKnownFileType = text.plist.xml; path = Info.plist; sourceTree = "<group>"; };
		0CFC97581F278FE9000554AE /* FilterSearchUITests.xctest */ = {isa = PBXFileReference; explicitFileType = wrapper.cfbundle; includeInIndex = 0; path = FilterSearchUITests.xctest; sourceTree = BUILT_PRODUCTS_DIR; };
		0CFC975C1F278FE9000554AE /* FilterSearchUITests.swift */ = {isa = PBXFileReference; lastKnownFileType = sourcecode.swift; path = FilterSearchUITests.swift; sourceTree = "<group>"; };
		0CFC975E1F278FE9000554AE /* Info.plist */ = {isa = PBXFileReference; lastKnownFileType = text.plist.xml; path = Info.plist; sourceTree = "<group>"; };
		0CFC97731F27906B000554AE /* image2.jpeg */ = {isa = PBXFileReference; lastKnownFileType = image.jpeg; path = image2.jpeg; sourceTree = "<group>"; };
		0CFC97741F27906B000554AE /* image1.jpeg */ = {isa = PBXFileReference; lastKnownFileType = image.jpeg; path = image1.jpeg; sourceTree = "<group>"; };
		0CFC97771F2790D1000554AE /* CategoryCell.swift */ = {isa = PBXFileReference; fileEncoding = 4; lastKnownFileType = sourcecode.swift; path = CategoryCell.swift; sourceTree = "<group>"; };
		0CFC97781F2790D1000554AE /* CategoryCell.xib */ = {isa = PBXFileReference; fileEncoding = 4; lastKnownFileType = file.xib; path = CategoryCell.xib; sourceTree = "<group>"; };
		0CFC97791F2790D1000554AE /* FilterCell.swift */ = {isa = PBXFileReference; fileEncoding = 4; lastKnownFileType = sourcecode.swift; path = FilterCell.swift; sourceTree = "<group>"; };
		0CFC977A1F2790D1000554AE /* FilterCell.xib */ = {isa = PBXFileReference; fileEncoding = 4; lastKnownFileType = file.xib; path = FilterCell.xib; sourceTree = "<group>"; };
		0CFC977F1F2790DA000554AE /* UICollectionViewFlowLayout+.swift */ = {isa = PBXFileReference; fileEncoding = 4; lastKnownFileType = sourcecode.swift; path = "UICollectionViewFlowLayout+.swift"; sourceTree = "<group>"; };
		0CFC97801F2790DA000554AE /* UIImage+.swift */ = {isa = PBXFileReference; fileEncoding = 4; lastKnownFileType = sourcecode.swift; path = "UIImage+.swift"; sourceTree = "<group>"; };
		0CFC97831F2790E8000554AE /* FilterHelper.swift */ = {isa = PBXFileReference; fileEncoding = 4; lastKnownFileType = sourcecode.swift; path = FilterHelper.swift; sourceTree = "<group>"; };
		0CFC97871F2790F0000554AE /* FilterItem.swift */ = {isa = PBXFileReference; fileEncoding = 4; lastKnownFileType = sourcecode.swift; path = FilterItem.swift; sourceTree = "<group>"; };
		0CFC97891F279403000554AE /* GoogleService-Info.plist */ = {isa = PBXFileReference; fileEncoding = 4; lastKnownFileType = text.plist.xml; path = "GoogleService-Info.plist"; sourceTree = "<group>"; };
		14C77BF6E6C699CCD7F38215 /* Pods-FilterSearchUITests.release.xcconfig */ = {isa = PBXFileReference; includeInIndex = 1; lastKnownFileType = text.xcconfig; name = "Pods-FilterSearchUITests.release.xcconfig"; path = "Pods/Target Support Files/Pods-FilterSearchUITests/Pods-FilterSearchUITests.release.xcconfig"; sourceTree = "<group>"; };
		1B6745392E68D280F55390ED /* Pods_FilterSearchTests.framework */ = {isa = PBXFileReference; explicitFileType = wrapper.framework; includeInIndex = 0; path = Pods_FilterSearchTests.framework; sourceTree = BUILT_PRODUCTS_DIR; };
		31877133C2A3E11EEF9BD3DE /* Pods-FilterSearchUITests.debug.xcconfig */ = {isa = PBXFileReference; includeInIndex = 1; lastKnownFileType = text.xcconfig; name = "Pods-FilterSearchUITests.debug.xcconfig"; path = "Pods/Target Support Files/Pods-FilterSearchUITests/Pods-FilterSearchUITests.debug.xcconfig"; sourceTree = "<group>"; };
		4E5D07FB5B4CCEC2290E3B96 /* Pods-FilterSearch.release.xcconfig */ = {isa = PBXFileReference; includeInIndex = 1; lastKnownFileType = text.xcconfig; name = "Pods-FilterSearch.release.xcconfig"; path = "Pods/Target Support Files/Pods-FilterSearch/Pods-FilterSearch.release.xcconfig"; sourceTree = "<group>"; };
		71D63A91931919B4FEBBF8A9 /* Pods-FilterSearch.debug.xcconfig */ = {isa = PBXFileReference; includeInIndex = 1; lastKnownFileType = text.xcconfig; name = "Pods-FilterSearch.debug.xcconfig"; path = "Pods/Target Support Files/Pods-FilterSearch/Pods-FilterSearch.debug.xcconfig"; sourceTree = "<group>"; };
		808A6AB1F9E67249BF8504E0 /* Pods-FilterSearchTests.debug.xcconfig */ = {isa = PBXFileReference; includeInIndex = 1; lastKnownFileType = text.xcconfig; name = "Pods-FilterSearchTests.debug.xcconfig"; path = "Pods/Target Support Files/Pods-FilterSearchTests/Pods-FilterSearchTests.debug.xcconfig"; sourceTree = "<group>"; };
		AAC11181BFFC5ABDD901B43E /* Pods_FilterSearch.framework */ = {isa = PBXFileReference; explicitFileType = wrapper.framework; includeInIndex = 0; path = Pods_FilterSearch.framework; sourceTree = BUILT_PRODUCTS_DIR; };
		B6D181462DCA54CD85C30E0D /* Pods_FilterSearchUITests.framework */ = {isa = PBXFileReference; explicitFileType = wrapper.framework; includeInIndex = 0; path = Pods_FilterSearchUITests.framework; sourceTree = BUILT_PRODUCTS_DIR; };
/* End PBXFileReference section */

/* Begin PBXFrameworksBuildPhase section */
		0CFC97361F278FE9000554AE /* Frameworks */ = {
			isa = PBXFrameworksBuildPhase;
			buildActionMask = 2147483647;
			files = (
				C44AF5728F7F67F040266CF6 /* Pods_FilterSearch.framework in Frameworks */,
			);
			runOnlyForDeploymentPostprocessing = 0;
		};
		0CFC974A1F278FE9000554AE /* Frameworks */ = {
			isa = PBXFrameworksBuildPhase;
			buildActionMask = 2147483647;
			files = (
				27A1909D5B039B2D8BC6CB0C /* Pods_FilterSearchTests.framework in Frameworks */,
			);
			runOnlyForDeploymentPostprocessing = 0;
		};
		0CFC97551F278FE9000554AE /* Frameworks */ = {
			isa = PBXFrameworksBuildPhase;
			buildActionMask = 2147483647;
			files = (
				3FCACAC08A319D0E68B93DF0 /* Pods_FilterSearchUITests.framework in Frameworks */,
			);
			runOnlyForDeploymentPostprocessing = 0;
		};
/* End PBXFrameworksBuildPhase section */

/* Begin PBXGroup section */
		0CFC97301F278FE9000554AE = {
			isa = PBXGroup;
			children = (
				0CFC973B1F278FE9000554AE /* FilterSearch */,
				0CFC97501F278FE9000554AE /* FilterSearchTests */,
				0CFC975B1F278FE9000554AE /* FilterSearchUITests */,
				0CFC973A1F278FE9000554AE /* Products */,
				0D85BC8EDC13A29816A9B3EE /* Pods */,
				CCBA82944850BB0ED3C97D81 /* Frameworks */,
			);
			sourceTree = "<group>";
		};
		0CFC973A1F278FE9000554AE /* Products */ = {
			isa = PBXGroup;
			children = (
				0CFC97391F278FE9000554AE /* FilterSearch.app */,
				0CFC974D1F278FE9000554AE /* FilterSearchTests.xctest */,
				0CFC97581F278FE9000554AE /* FilterSearchUITests.xctest */,
			);
			name = Products;
			sourceTree = "<group>";
		};
		0CFC973B1F278FE9000554AE /* FilterSearch */ = {
			isa = PBXGroup;
			children = (
				0CFC973C1F278FE9000554AE /* AppDelegate.swift */,
				0CFC97721F27903C000554AE /* Model */,
				0CFC976E1F279026000554AE /* Common */,
				0CFC976D1F279021000554AE /* Controller */,
				0CFC976C1F27901C000554AE /* Storyboard */,
				0CFC976B1F279013000554AE /* Supporting Files */,
				0CFC976A1F27900A000554AE /* Resources */,
			);
			path = FilterSearch;
			sourceTree = "<group>";
		};
		0CFC97501F278FE9000554AE /* FilterSearchTests */ = {
			isa = PBXGroup;
			children = (
				0CFC97511F278FE9000554AE /* FilterSearchTests.swift */,
				0CFC97531F278FE9000554AE /* Info.plist */,
			);
			path = FilterSearchTests;
			sourceTree = "<group>";
		};
		0CFC975B1F278FE9000554AE /* FilterSearchUITests */ = {
			isa = PBXGroup;
			children = (
				0CFC975C1F278FE9000554AE /* FilterSearchUITests.swift */,
				0CFC975E1F278FE9000554AE /* Info.plist */,
			);
			path = FilterSearchUITests;
			sourceTree = "<group>";
		};
		0CFC976A1F27900A000554AE /* Resources */ = {
			isa = PBXGroup;
			children = (
				0CFC97431F278FE9000554AE /* Assets.xcassets */,
				0CFC97731F27906B000554AE /* image2.jpeg */,
				0CFC97741F27906B000554AE /* image1.jpeg */,
			);
			name = Resources;
			sourceTree = "<group>";
		};
		0CFC976B1F279013000554AE /* Supporting Files */ = {
			isa = PBXGroup;
			children = (
				0CFC97891F279403000554AE /* GoogleService-Info.plist */,
				0CFC97481F278FE9000554AE /* Info.plist */,
			);
			name = "Supporting Files";
			sourceTree = "<group>";
		};
		0CFC976C1F27901C000554AE /* Storyboard */ = {
			isa = PBXGroup;
			children = (
				0CFC97451F278FE9000554AE /* LaunchScreen.storyboard */,
				0CFC97401F278FE9000554AE /* Main.storyboard */,
			);
			name = Storyboard;
			sourceTree = "<group>";
		};
		0CFC976D1F279021000554AE /* Controller */ = {
			isa = PBXGroup;
			children = (
				0CFC973E1F278FE9000554AE /* ViewController.swift */,
			);
			name = Controller;
			sourceTree = "<group>";
		};
		0CFC976E1F279026000554AE /* Common */ = {
			isa = PBXGroup;
			children = (
				0CFC97711F279038000554AE /* Helper */,
				0CFC97701F279032000554AE /* Extension */,
				0CFC976F1F27902B000554AE /* Cells */,
			);
			name = Common;
			sourceTree = "<group>";
		};
		0CFC976F1F27902B000554AE /* Cells */ = {
			isa = PBXGroup;
			children = (
				0CFC97771F2790D1000554AE /* CategoryCell.swift */,
				0CFC97781F2790D1000554AE /* CategoryCell.xib */,
				0CFC97791F2790D1000554AE /* FilterCell.swift */,
				0CFC977A1F2790D1000554AE /* FilterCell.xib */,
			);
			name = Cells;
			sourceTree = "<group>";
		};
		0CFC97701F279032000554AE /* Extension */ = {
			isa = PBXGroup;
			children = (
				0CFC977F1F2790DA000554AE /* UICollectionViewFlowLayout+.swift */,
				0CFC97801F2790DA000554AE /* UIImage+.swift */,
			);
			name = Extension;
			sourceTree = "<group>";
		};
		0CFC97711F279038000554AE /* Helper */ = {
			isa = PBXGroup;
			children = (
				0CFC97831F2790E8000554AE /* FilterHelper.swift */,
			);
			name = Helper;
			sourceTree = "<group>";
		};
		0CFC97721F27903C000554AE /* Model */ = {
			isa = PBXGroup;
			children = (
				0CFC97871F2790F0000554AE /* FilterItem.swift */,
			);
			name = Model;
			sourceTree = "<group>";
		};
		0D85BC8EDC13A29816A9B3EE /* Pods */ = {
			isa = PBXGroup;
			children = (
				71D63A91931919B4FEBBF8A9 /* Pods-FilterSearch.debug.xcconfig */,
				4E5D07FB5B4CCEC2290E3B96 /* Pods-FilterSearch.release.xcconfig */,
				808A6AB1F9E67249BF8504E0 /* Pods-FilterSearchTests.debug.xcconfig */,
				02637670FAFD590972614826 /* Pods-FilterSearchTests.release.xcconfig */,
				31877133C2A3E11EEF9BD3DE /* Pods-FilterSearchUITests.debug.xcconfig */,
				14C77BF6E6C699CCD7F38215 /* Pods-FilterSearchUITests.release.xcconfig */,
			);
			name = Pods;
			sourceTree = "<group>";
		};
		CCBA82944850BB0ED3C97D81 /* Frameworks */ = {
			isa = PBXGroup;
			children = (
				AAC11181BFFC5ABDD901B43E /* Pods_FilterSearch.framework */,
				1B6745392E68D280F55390ED /* Pods_FilterSearchTests.framework */,
				B6D181462DCA54CD85C30E0D /* Pods_FilterSearchUITests.framework */,
			);
			name = Frameworks;
			sourceTree = "<group>";
		};
/* End PBXGroup section */

/* Begin PBXNativeTarget section */
		0CFC97381F278FE9000554AE /* FilterSearch */ = {
			isa = PBXNativeTarget;
			buildConfigurationList = 0CFC97611F278FE9000554AE /* Build configuration list for PBXNativeTarget "FilterSearch" */;
			buildPhases = (
				98344C28A7025B76048E0FCB /* [CP] Check Pods Manifest.lock */,
				0CFC97351F278FE9000554AE /* Sources */,
				0CFC97361F278FE9000554AE /* Frameworks */,
				0CFC97371F278FE9000554AE /* Resources */,
				DCAA48290F7AF3340E430929 /* [CP] Embed Pods Frameworks */,
				7D750F32E9E3F9EF8D1F14D5 /* [CP] Copy Pods Resources */,
			);
			buildRules = (
			);
			dependencies = (
			);
			name = FilterSearch;
			productName = FilterSearch;
			productReference = 0CFC97391F278FE9000554AE /* FilterSearch.app */;
			productType = "com.apple.product-type.application";
		};
		0CFC974C1F278FE9000554AE /* FilterSearchTests */ = {
			isa = PBXNativeTarget;
			buildConfigurationList = 0CFC97641F278FE9000554AE /* Build configuration list for PBXNativeTarget "FilterSearchTests" */;
			buildPhases = (
				5D6306DC0A3FCF92074D618F /* [CP] Check Pods Manifest.lock */,
				0CFC97491F278FE9000554AE /* Sources */,
				0CFC974A1F278FE9000554AE /* Frameworks */,
				0CFC974B1F278FE9000554AE /* Resources */,
				41A8379163F2643FE295ED8D /* [CP] Embed Pods Frameworks */,
				38538160DDF536115C0AC27C /* [CP] Copy Pods Resources */,
			);
			buildRules = (
			);
			dependencies = (
				0CFC974F1F278FE9000554AE /* PBXTargetDependency */,
			);
			name = FilterSearchTests;
			productName = FilterSearchTests;
			productReference = 0CFC974D1F278FE9000554AE /* FilterSearchTests.xctest */;
			productType = "com.apple.product-type.bundle.unit-test";
		};
		0CFC97571F278FE9000554AE /* FilterSearchUITests */ = {
			isa = PBXNativeTarget;
			buildConfigurationList = 0CFC97671F278FE9000554AE /* Build configuration list for PBXNativeTarget "FilterSearchUITests" */;
			buildPhases = (
				2FCB19D989DCF150BCB30CD7 /* [CP] Check Pods Manifest.lock */,
				0CFC97541F278FE9000554AE /* Sources */,
				0CFC97551F278FE9000554AE /* Frameworks */,
				0CFC97561F278FE9000554AE /* Resources */,
				BA271B914DD2EF0E7609FF32 /* [CP] Embed Pods Frameworks */,
				F7C003FFF22ED0BCA659A21C /* [CP] Copy Pods Resources */,
			);
			buildRules = (
			);
			dependencies = (
				0CFC975A1F278FE9000554AE /* PBXTargetDependency */,
			);
			name = FilterSearchUITests;
			productName = FilterSearchUITests;
			productReference = 0CFC97581F278FE9000554AE /* FilterSearchUITests.xctest */;
			productType = "com.apple.product-type.bundle.ui-testing";
		};
/* End PBXNativeTarget section */

/* Begin PBXProject section */
		0CFC97311F278FE9000554AE /* Project object */ = {
			isa = PBXProject;
			attributes = {
				LastSwiftUpdateCheck = 0830;
				LastUpgradeCheck = 0830;
				ORGANIZATIONNAME = pikachu987;
				TargetAttributes = {
					0CFC97381F278FE9000554AE = {
						CreatedOnToolsVersion = 8.3.3;
						DevelopmentTeam = 95YHHS8BGP;
						ProvisioningStyle = Automatic;
					};
					0CFC974C1F278FE9000554AE = {
						CreatedOnToolsVersion = 8.3.3;
						DevelopmentTeam = 95YHHS8BGP;
						ProvisioningStyle = Automatic;
						TestTargetID = 0CFC97381F278FE9000554AE;
					};
					0CFC97571F278FE9000554AE = {
						CreatedOnToolsVersion = 8.3.3;
						DevelopmentTeam = 95YHHS8BGP;
						ProvisioningStyle = Automatic;
						TestTargetID = 0CFC97381F278FE9000554AE;
					};
				};
			};
			buildConfigurationList = 0CFC97341F278FE9000554AE /* Build configuration list for PBXProject "FilterSearch" */;
			compatibilityVersion = "Xcode 3.2";
			developmentRegion = English;
			hasScannedForEncodings = 0;
			knownRegions = (
				en,
				Base,
			);
			mainGroup = 0CFC97301F278FE9000554AE;
			productRefGroup = 0CFC973A1F278FE9000554AE /* Products */;
			projectDirPath = "";
			projectRoot = "";
			targets = (
				0CFC97381F278FE9000554AE /* FilterSearch */,
				0CFC974C1F278FE9000554AE /* FilterSearchTests */,
				0CFC97571F278FE9000554AE /* FilterSearchUITests */,
			);
		};
/* End PBXProject section */

/* Begin PBXResourcesBuildPhase section */
		0CFC97371F278FE9000554AE /* Resources */ = {
			isa = PBXResourcesBuildPhase;
			buildActionMask = 2147483647;
			files = (
				0CFC97471F278FE9000554AE /* LaunchScreen.storyboard in Resources */,
				0CFC978A1F279403000554AE /* GoogleService-Info.plist in Resources */,
				0CFC977C1F2790D1000554AE /* CategoryCell.xib in Resources */,
				0CFC97441F278FE9000554AE /* Assets.xcassets in Resources */,
				0CFC97421F278FE9000554AE /* Main.storyboard in Resources */,
				0CFC97751F27906B000554AE /* image2.jpeg in Resources */,
				0CFC97761F27906B000554AE /* image1.jpeg in Resources */,
				0CFC977E1F2790D1000554AE /* FilterCell.xib in Resources */,
			);
			runOnlyForDeploymentPostprocessing = 0;
		};
		0CFC974B1F278FE9000554AE /* Resources */ = {
			isa = PBXResourcesBuildPhase;
			buildActionMask = 2147483647;
			files = (
			);
			runOnlyForDeploymentPostprocessing = 0;
		};
		0CFC97561F278FE9000554AE /* Resources */ = {
			isa = PBXResourcesBuildPhase;
			buildActionMask = 2147483647;
			files = (
			);
			runOnlyForDeploymentPostprocessing = 0;
		};
/* End PBXResourcesBuildPhase section */

/* Begin PBXShellScriptBuildPhase section */
		2FCB19D989DCF150BCB30CD7 /* [CP] Check Pods Manifest.lock */ = {
			isa = PBXShellScriptBuildPhase;
			buildActionMask = 2147483647;
			files = (
			);
			inputPaths = (
			);
			name = "[CP] Check Pods Manifest.lock";
			outputPaths = (
			);
			runOnlyForDeploymentPostprocessing = 0;
			shellPath = /bin/sh;
			shellScript = "diff \"${PODS_PODFILE_DIR_PATH}/Podfile.lock\" \"${PODS_ROOT}/Manifest.lock\" > /dev/null\nif [ $? != 0 ] ; then\n    # print error to STDERR\n    echo \"error: The sandbox is not in sync with the Podfile.lock. Run 'pod install' or update your CocoaPods installation.\" >&2\n    exit 1\nfi\n";
			showEnvVarsInLog = 0;
		};
		38538160DDF536115C0AC27C /* [CP] Copy Pods Resources */ = {
			isa = PBXShellScriptBuildPhase;
			buildActionMask = 2147483647;
			files = (
			);
			inputPaths = (
			);
			name = "[CP] Copy Pods Resources";
			outputPaths = (
			);
			runOnlyForDeploymentPostprocessing = 0;
			shellPath = /bin/sh;
			shellScript = "\"${SRCROOT}/Pods/Target Support Files/Pods-FilterSearchTests/Pods-FilterSearchTests-resources.sh\"\n";
			showEnvVarsInLog = 0;
		};
		41A8379163F2643FE295ED8D /* [CP] Embed Pods Frameworks */ = {
			isa = PBXShellScriptBuildPhase;
			buildActionMask = 2147483647;
			files = (
			);
			inputPaths = (
			);
			name = "[CP] Embed Pods Frameworks";
			outputPaths = (
			);
			runOnlyForDeploymentPostprocessing = 0;
			shellPath = /bin/sh;
			shellScript = "\"${SRCROOT}/Pods/Target Support Files/Pods-FilterSearchTests/Pods-FilterSearchTests-frameworks.sh\"\n";
			showEnvVarsInLog = 0;
		};
		5D6306DC0A3FCF92074D618F /* [CP] Check Pods Manifest.lock */ = {
			isa = PBXShellScriptBuildPhase;
			buildActionMask = 2147483647;
			files = (
			);
			inputPaths = (
			);
			name = "[CP] Check Pods Manifest.lock";
			outputPaths = (
			);
			runOnlyForDeploymentPostprocessing = 0;
			shellPath = /bin/sh;
			shellScript = "diff \"${PODS_PODFILE_DIR_PATH}/Podfile.lock\" \"${PODS_ROOT}/Manifest.lock\" > /dev/null\nif [ $? != 0 ] ; then\n    # print error to STDERR\n    echo \"error: The sandbox is not in sync with the Podfile.lock. Run 'pod install' or update your CocoaPods installation.\" >&2\n    exit 1\nfi\n";
			showEnvVarsInLog = 0;
		};
		7D750F32E9E3F9EF8D1F14D5 /* [CP] Copy Pods Resources */ = {
			isa = PBXShellScriptBuildPhase;
			buildActionMask = 2147483647;
			files = (
			);
			inputPaths = (
			);
			name = "[CP] Copy Pods Resources";
			outputPaths = (
			);
			runOnlyForDeploymentPostprocessing = 0;
			shellPath = /bin/sh;
			shellScript = "\"${SRCROOT}/Pods/Target Support Files/Pods-FilterSearch/Pods-FilterSearch-resources.sh\"\n";
			showEnvVarsInLog = 0;
		};
		98344C28A7025B76048E0FCB /* [CP] Check Pods Manifest.lock */ = {
			isa = PBXShellScriptBuildPhase;
			buildActionMask = 2147483647;
			files = (
			);
			inputPaths = (
			);
			name = "[CP] Check Pods Manifest.lock";
			outputPaths = (
			);
			runOnlyForDeploymentPostprocessing = 0;
			shellPath = /bin/sh;
			shellScript = "diff \"${PODS_PODFILE_DIR_PATH}/Podfile.lock\" \"${PODS_ROOT}/Manifest.lock\" > /dev/null\nif [ $? != 0 ] ; then\n    # print error to STDERR\n    echo \"error: The sandbox is not in sync with the Podfile.lock. Run 'pod install' or update your CocoaPods installation.\" >&2\n    exit 1\nfi\n";
			showEnvVarsInLog = 0;
		};
		BA271B914DD2EF0E7609FF32 /* [CP] Embed Pods Frameworks */ = {
			isa = PBXShellScriptBuildPhase;
			buildActionMask = 2147483647;
			files = (
			);
			inputPaths = (
			);
			name = "[CP] Embed Pods Frameworks";
			outputPaths = (
			);
			runOnlyForDeploymentPostprocessing = 0;
			shellPath = /bin/sh;
			shellScript = "\"${SRCROOT}/Pods/Target Support Files/Pods-FilterSearchUITests/Pods-FilterSearchUITests-frameworks.sh\"\n";
			showEnvVarsInLog = 0;
		};
		DCAA48290F7AF3340E430929 /* [CP] Embed Pods Frameworks */ = {
			isa = PBXShellScriptBuildPhase;
			buildActionMask = 2147483647;
			files = (
			);
			inputPaths = (
			);
			name = "[CP] Embed Pods Frameworks";
			outputPaths = (
			);
			runOnlyForDeploymentPostprocessing = 0;
			shellPath = /bin/sh;
			shellScript = "\"${SRCROOT}/Pods/Target Support Files/Pods-FilterSearch/Pods-FilterSearch-frameworks.sh\"\n";
			showEnvVarsInLog = 0;
		};
		F7C003FFF22ED0BCA659A21C /* [CP] Copy Pods Resources */ = {
			isa = PBXShellScriptBuildPhase;
			buildActionMask = 2147483647;
			files = (
			);
			inputPaths = (
			);
			name = "[CP] Copy Pods Resources";
			outputPaths = (
			);
			runOnlyForDeploymentPostprocessing = 0;
			shellPath = /bin/sh;
			shellScript = "\"${SRCROOT}/Pods/Target Support Files/Pods-FilterSearchUITests/Pods-FilterSearchUITests-resources.sh\"\n";
			showEnvVarsInLog = 0;
		};
/* End PBXShellScriptBuildPhase section */

/* Begin PBXSourcesBuildPhase section */
		0CFC97351F278FE9000554AE /* Sources */ = {
			isa = PBXSourcesBuildPhase;
			buildActionMask = 2147483647;
			files = (
				0CFC97811F2790DA000554AE /* UICollectionViewFlowLayout+.swift in Sources */,
				0CFC973F1F278FE9000554AE /* ViewController.swift in Sources */,
				0CFC977D1F2790D1000554AE /* FilterCell.swift in Sources */,
				0CFC97821F2790DA000554AE /* UIImage+.swift in Sources */,
				0CFC973D1F278FE9000554AE /* AppDelegate.swift in Sources */,
				0CFC97851F2790E8000554AE /* FilterHelper.swift in Sources */,
				0CFC97881F2790F0000554AE /* FilterItem.swift in Sources */,
				0CFC977B1F2790D1000554AE /* CategoryCell.swift in Sources */,
			);
			runOnlyForDeploymentPostprocessing = 0;
		};
		0CFC97491F278FE9000554AE /* Sources */ = {
			isa = PBXSourcesBuildPhase;
			buildActionMask = 2147483647;
			files = (
				0CFC97521F278FE9000554AE /* FilterSearchTests.swift in Sources */,
			);
			runOnlyForDeploymentPostprocessing = 0;
		};
		0CFC97541F278FE9000554AE /* Sources */ = {
			isa = PBXSourcesBuildPhase;
			buildActionMask = 2147483647;
			files = (
				0CFC975D1F278FE9000554AE /* FilterSearchUITests.swift in Sources */,
			);
			runOnlyForDeploymentPostprocessing = 0;
		};
/* End PBXSourcesBuildPhase section */

/* Begin PBXTargetDependency section */
		0CFC974F1F278FE9000554AE /* PBXTargetDependency */ = {
			isa = PBXTargetDependency;
			target = 0CFC97381F278FE9000554AE /* FilterSearch */;
			targetProxy = 0CFC974E1F278FE9000554AE /* PBXContainerItemProxy */;
		};
		0CFC975A1F278FE9000554AE /* PBXTargetDependency */ = {
			isa = PBXTargetDependency;
			target = 0CFC97381F278FE9000554AE /* FilterSearch */;
			targetProxy = 0CFC97591F278FE9000554AE /* PBXContainerItemProxy */;
		};
/* End PBXTargetDependency section */

/* Begin PBXVariantGroup section */
		0CFC97401F278FE9000554AE /* Main.storyboard */ = {
			isa = PBXVariantGroup;
			children = (
				0CFC97411F278FE9000554AE /* Base */,
			);
			name = Main.storyboard;
			sourceTree = "<group>";
		};
		0CFC97451F278FE9000554AE /* LaunchScreen.storyboard */ = {
			isa = PBXVariantGroup;
			children = (
				0CFC97461F278FE9000554AE /* Base */,
			);
			name = LaunchScreen.storyboard;
			sourceTree = "<group>";
		};
/* End PBXVariantGroup section */

/* Begin XCBuildConfiguration section */
		0CFC975F1F278FE9000554AE /* Debug */ = {
			isa = XCBuildConfiguration;
			buildSettings = {
				ALWAYS_SEARCH_USER_PATHS = NO;
				CLANG_ANALYZER_NONNULL = YES;
				CLANG_ANALYZER_NUMBER_OBJECT_CONVERSION = YES_AGGRESSIVE;
				CLANG_CXX_LANGUAGE_STANDARD = "gnu++0x";
				CLANG_CXX_LIBRARY = "libc++";
				CLANG_ENABLE_MODULES = YES;
				CLANG_ENABLE_OBJC_ARC = YES;
				CLANG_WARN_BOOL_CONVERSION = YES;
				CLANG_WARN_CONSTANT_CONVERSION = YES;
				CLANG_WARN_DIRECT_OBJC_ISA_USAGE = YES_ERROR;
				CLANG_WARN_DOCUMENTATION_COMMENTS = YES;
				CLANG_WARN_EMPTY_BODY = YES;
				CLANG_WARN_ENUM_CONVERSION = YES;
				CLANG_WARN_INFINITE_RECURSION = YES;
				CLANG_WARN_INT_CONVERSION = YES;
				CLANG_WARN_OBJC_ROOT_CLASS = YES_ERROR;
				CLANG_WARN_SUSPICIOUS_MOVE = YES;
				CLANG_WARN_UNREACHABLE_CODE = YES;
				CLANG_WARN__DUPLICATE_METHOD_MATCH = YES;
				"CODE_SIGN_IDENTITY[sdk=iphoneos*]" = "iPhone Developer";
				COPY_PHASE_STRIP = NO;
				DEBUG_INFORMATION_FORMAT = dwarf;
				ENABLE_STRICT_OBJC_MSGSEND = YES;
				ENABLE_TESTABILITY = YES;
				GCC_C_LANGUAGE_STANDARD = gnu99;
				GCC_DYNAMIC_NO_PIC = NO;
				GCC_NO_COMMON_BLOCKS = YES;
				GCC_OPTIMIZATION_LEVEL = 0;
				GCC_PREPROCESSOR_DEFINITIONS = (
					"DEBUG=1",
					"$(inherited)",
				);
				GCC_WARN_64_TO_32_BIT_CONVERSION = YES;
				GCC_WARN_ABOUT_RETURN_TYPE = YES_ERROR;
				GCC_WARN_UNDECLARED_SELECTOR = YES;
				GCC_WARN_UNINITIALIZED_AUTOS = YES_AGGRESSIVE;
				GCC_WARN_UNUSED_FUNCTION = YES;
				GCC_WARN_UNUSED_VARIABLE = YES;
				IPHONEOS_DEPLOYMENT_TARGET = 10.3;
				MTL_ENABLE_DEBUG_INFO = YES;
				ONLY_ACTIVE_ARCH = YES;
				SDKROOT = iphoneos;
				SWIFT_ACTIVE_COMPILATION_CONDITIONS = DEBUG;
				SWIFT_OPTIMIZATION_LEVEL = "-Onone";
				TARGETED_DEVICE_FAMILY = "1,2";
			};
			name = Debug;
		};
		0CFC97601F278FE9000554AE /* Release */ = {
			isa = XCBuildConfiguration;
			buildSettings = {
				ALWAYS_SEARCH_USER_PATHS = NO;
				CLANG_ANALYZER_NONNULL = YES;
				CLANG_ANALYZER_NUMBER_OBJECT_CONVERSION = YES_AGGRESSIVE;
				CLANG_CXX_LANGUAGE_STANDARD = "gnu++0x";
				CLANG_CXX_LIBRARY = "libc++";
				CLANG_ENABLE_MODULES = YES;
				CLANG_ENABLE_OBJC_ARC = YES;
				CLANG_WARN_BOOL_CONVERSION = YES;
				CLANG_WARN_CONSTANT_CONVERSION = YES;
				CLANG_WARN_DIRECT_OBJC_ISA_USAGE = YES_ERROR;
				CLANG_WARN_DOCUMENTATION_COMMENTS = YES;
				CLANG_WARN_EMPTY_BODY = YES;
				CLANG_WARN_ENUM_CONVERSION = YES;
				CLANG_WARN_INFINITE_RECURSION = YES;
				CLANG_WARN_INT_CONVERSION = YES;
				CLANG_WARN_OBJC_ROOT_CLASS = YES_ERROR;
				CLANG_WARN_SUSPICIOUS_MOVE = YES;
				CLANG_WARN_UNREACHABLE_CODE = YES;
				CLANG_WARN__DUPLICATE_METHOD_MATCH = YES;
				"CODE_SIGN_IDENTITY[sdk=iphoneos*]" = "iPhone Developer";
				COPY_PHASE_STRIP = NO;
				DEBUG_INFORMATION_FORMAT = "dwarf-with-dsym";
				ENABLE_NS_ASSERTIONS = NO;
				ENABLE_STRICT_OBJC_MSGSEND = YES;
				GCC_C_LANGUAGE_STANDARD = gnu99;
				GCC_NO_COMMON_BLOCKS = YES;
				GCC_WARN_64_TO_32_BIT_CONVERSION = YES;
				GCC_WARN_ABOUT_RETURN_TYPE = YES_ERROR;
				GCC_WARN_UNDECLARED_SELECTOR = YES;
				GCC_WARN_UNINITIALIZED_AUTOS = YES_AGGRESSIVE;
				GCC_WARN_UNUSED_FUNCTION = YES;
				GCC_WARN_UNUSED_VARIABLE = YES;
				IPHONEOS_DEPLOYMENT_TARGET = 10.3;
				MTL_ENABLE_DEBUG_INFO = NO;
				SDKROOT = iphoneos;
				SWIFT_OPTIMIZATION_LEVEL = "-Owholemodule";
				TARGETED_DEVICE_FAMILY = "1,2";
				VALIDATE_PRODUCT = YES;
			};
			name = Release;
		};
		0CFC97621F278FE9000554AE /* Debug */ = {
			isa = XCBuildConfiguration;
			baseConfigurationReference = 71D63A91931919B4FEBBF8A9 /* Pods-FilterSearch.debug.xcconfig */;
			buildSettings = {
				ASSETCATALOG_COMPILER_APPICON_NAME = AppIcon;
				DEVELOPMENT_TEAM = 95YHHS8BGP;
				INFOPLIST_FILE = FilterSearch/Info.plist;
				IPHONEOS_DEPLOYMENT_TARGET = 8.0;
				LD_RUNPATH_SEARCH_PATHS = "$(inherited) @executable_path/Frameworks";
				PRODUCT_BUNDLE_IDENTIFIER = com.pikachu987.FIlterSearch;
				PRODUCT_NAME = "$(TARGET_NAME)";
				SWIFT_VERSION = 3.0;
			};
			name = Debug;
		};
		0CFC97631F278FE9000554AE /* Release */ = {
			isa = XCBuildConfiguration;
			baseConfigurationReference = 4E5D07FB5B4CCEC2290E3B96 /* Pods-FilterSearch.release.xcconfig */;
			buildSettings = {
				ASSETCATALOG_COMPILER_APPICON_NAME = AppIcon;
				DEVELOPMENT_TEAM = 95YHHS8BGP;
				INFOPLIST_FILE = FilterSearch/Info.plist;
				IPHONEOS_DEPLOYMENT_TARGET = 8.0;
				LD_RUNPATH_SEARCH_PATHS = "$(inherited) @executable_path/Frameworks";
				PRODUCT_BUNDLE_IDENTIFIER = com.pikachu987.FIlterSearch;
				PRODUCT_NAME = "$(TARGET_NAME)";
				SWIFT_VERSION = 3.0;
			};
			name = Release;
		};
		0CFC97651F278FE9000554AE /* Debug */ = {
			isa = XCBuildConfiguration;
			baseConfigurationReference = 808A6AB1F9E67249BF8504E0 /* Pods-FilterSearchTests.debug.xcconfig */;
			buildSettings = {
				ALWAYS_EMBED_SWIFT_STANDARD_LIBRARIES = YES;
				BUNDLE_LOADER = "$(TEST_HOST)";
				DEVELOPMENT_TEAM = 95YHHS8BGP;
				INFOPLIST_FILE = FilterSearchTests/Info.plist;
				LD_RUNPATH_SEARCH_PATHS = "$(inherited) @executable_path/Frameworks @loader_path/Frameworks";
				PRODUCT_BUNDLE_IDENTIFIER = com.pikachu987.FilterSearchTests;
				PRODUCT_NAME = "$(TARGET_NAME)";
				SWIFT_VERSION = 3.0;
				TEST_HOST = "$(BUILT_PRODUCTS_DIR)/FilterSearch.app/FilterSearch";
			};
			name = Debug;
		};
		0CFC97661F278FE9000554AE /* Release */ = {
			isa = XCBuildConfiguration;
			baseConfigurationReference = 02637670FAFD590972614826 /* Pods-FilterSearchTests.release.xcconfig */;
			buildSettings = {
				ALWAYS_EMBED_SWIFT_STANDARD_LIBRARIES = YES;
				BUNDLE_LOADER = "$(TEST_HOST)";
				DEVELOPMENT_TEAM = 95YHHS8BGP;
				INFOPLIST_FILE = FilterSearchTests/Info.plist;
				LD_RUNPATH_SEARCH_PATHS = "$(inherited) @executable_path/Frameworks @loader_path/Frameworks";
				PRODUCT_BUNDLE_IDENTIFIER = com.pikachu987.FilterSearchTests;
				PRODUCT_NAME = "$(TARGET_NAME)";
				SWIFT_VERSION = 3.0;
				TEST_HOST = "$(BUILT_PRODUCTS_DIR)/FilterSearch.app/FilterSearch";
			};
			name = Release;
		};
		0CFC97681F278FE9000554AE /* Debug */ = {
			isa = XCBuildConfiguration;
			baseConfigurationReference = 31877133C2A3E11EEF9BD3DE /* Pods-FilterSearchUITests.debug.xcconfig */;
			buildSettings = {
				ALWAYS_EMBED_SWIFT_STANDARD_LIBRARIES = YES;
				DEVELOPMENT_TEAM = 95YHHS8BGP;
				INFOPLIST_FILE = FilterSearchUITests/Info.plist;
				LD_RUNPATH_SEARCH_PATHS = "$(inherited) @executable_path/Frameworks @loader_path/Frameworks";
				PRODUCT_BUNDLE_IDENTIFIER = com.pikachu987.FilterSearchUITests;
				PRODUCT_NAME = "$(TARGET_NAME)";
				SWIFT_VERSION = 3.0;
				TEST_TARGET_NAME = FilterSearch;
			};
			name = Debug;
		};
		0CFC97691F278FE9000554AE /* Release */ = {
			isa = XCBuildConfiguration;
			baseConfigurationReference = 14C77BF6E6C699CCD7F38215 /* Pods-FilterSearchUITests.release.xcconfig */;
			buildSettings = {
				ALWAYS_EMBED_SWIFT_STANDARD_LIBRARIES = YES;
				DEVELOPMENT_TEAM = 95YHHS8BGP;
				INFOPLIST_FILE = FilterSearchUITests/Info.plist;
				LD_RUNPATH_SEARCH_PATHS = "$(inherited) @executable_path/Frameworks @loader_path/Frameworks";
				PRODUCT_BUNDLE_IDENTIFIER = com.pikachu987.FilterSearchUITests;
				PRODUCT_NAME = "$(TARGET_NAME)";
				SWIFT_VERSION = 3.0;
				TEST_TARGET_NAME = FilterSearch;
			};
			name = Release;
		};
/* End XCBuildConfiguration section */

/* Begin XCConfigurationList section */
		0CFC97341F278FE9000554AE /* Build configuration list for PBXProject "FilterSearch" */ = {
			isa = XCConfigurationList;
			buildConfigurations = (
				0CFC975F1F278FE9000554AE /* Debug */,
				0CFC97601F278FE9000554AE /* Release */,
			);
			defaultConfigurationIsVisible = 0;
			defaultConfigurationName = Release;
		};
		0CFC97611F278FE9000554AE /* Build configuration list for PBXNativeTarget "FilterSearch" */ = {
			isa = XCConfigurationList;
			buildConfigurations = (
				0CFC97621F278FE9000554AE /* Debug */,
				0CFC97631F278FE9000554AE /* Release */,
			);
			defaultConfigurationIsVisible = 0;
			defaultConfigurationName = Release;
		};
		0CFC97641F278FE9000554AE /* Build configuration list for PBXNativeTarget "FilterSearchTests" */ = {
			isa = XCConfigurationList;
			buildConfigurations = (
				0CFC97651F278FE9000554AE /* Debug */,
				0CFC97661F278FE9000554AE /* Release */,
			);
			defaultConfigurationIsVisible = 0;
			defaultConfigurationName = Release;
		};
		0CFC97671F278FE9000554AE /* Build configuration list for PBXNativeTarget "FilterSearchUITests" */ = {
			isa = XCConfigurationList;
			buildConfigurations = (
				0CFC97681F278FE9000554AE /* Debug */,
				0CFC97691F278FE9000554AE /* Release */,
			);
			defaultConfigurationIsVisible = 0;
			defaultConfigurationName = Release;
		};
/* End XCConfigurationList section */
	};
	rootObject = 0CFC97311F278FE9000554AE /* Project object */;
}
